// !$*UTF8*$!
{
	archiveVersion = 1;
	classes = {
	};
	objectVersion = 46;
	objects = {

/* Begin PBXBuildFile section */
		3EE8DB0E1593BF9A009DCCA3 /* UIKit.framework in Frameworks */ = {isa = PBXBuildFile; fileRef = 3EE8DB0D1593BF9A009DCCA3 /* UIKit.framework */; };
		3EE8DB101593BF9A009DCCA3 /* Foundation.framework in Frameworks */ = {isa = PBXBuildFile; fileRef = 3EE8DB0F1593BF9A009DCCA3 /* Foundation.framework */; };
		3EE8DB121593BF9A009DCCA3 /* CoreGraphics.framework in Frameworks */ = {isa = PBXBuildFile; fileRef = 3EE8DB111593BF9A009DCCA3 /* CoreGraphics.framework */; };
		3EE8DB181593BF9A009DCCA3 /* InfoPlist.strings in Resources */ = {isa = PBXBuildFile; fileRef = 3EE8DB161593BF9A009DCCA3 /* InfoPlist.strings */; };
		3EE8DB1A1593BF9A009DCCA3 /* main.m in Sources */ = {isa = PBXBuildFile; fileRef = 3EE8DB191593BF9A009DCCA3 /* main.m */; };
		3EE8DB1E1593BF9A009DCCA3 /* AppDelegate.m in Sources */ = {isa = PBXBuildFile; fileRef = 3EE8DB1D1593BF9A009DCCA3 /* AppDelegate.m */; };
		3EE8DB211593BF9A009DCCA3 /* MainStoryboard.storyboard in Resources */ = {isa = PBXBuildFile; fileRef = 3EE8DB1F1593BF9A009DCCA3 /* MainStoryboard.storyboard */; };
		F930520C1593C53E00E9DA06 /* YouTubeCell.m in Sources */ = {isa = PBXBuildFile; fileRef = F930520B1593C53E00E9DA06 /* YouTubeCell.m */; };
		F930520F1593C7B100E9DA06 /* YouTubeTableViewController.m in Sources */ = {isa = PBXBuildFile; fileRef = F930520E1593C7B100E9DA06 /* YouTubeTableViewController.m */; };
		F93052121593C7FA00E9DA06 /* Constants.m in Sources */ = {isa = PBXBuildFile; fileRef = F93052111593C7FA00E9DA06 /* Constants.m */; };
		F9B478C11593C23C00C20A53 /* book-icon-badge.png in Resources */ = {isa = PBXBuildFile; fileRef = F9B478A71593C23C00C20A53 /* book-icon-badge.png */; };
		F9B478C21593C23C00C20A53 /* book-icon.png in Resources */ = {isa = PBXBuildFile; fileRef = F9B478A81593C23C00C20A53 /* book-icon.png */; };
		F9B478C31593C23C00C20A53 /* foursquare-icon.png in Resources */ = {isa = PBXBuildFile; fileRef = F9B478A91593C23C00C20A53 /* foursquare-icon.png */; };
		F9B478C41593C23C00C20A53 /* gao-rounded-corners.png in Resources */ = {isa = PBXBuildFile; fileRef = F9B478AA1593C23C00C20A53 /* gao-rounded-corners.png */; };
		F9B478C51593C23C00C20A53 /* harrison-rounded-corners.png in Resources */ = {isa = PBXBuildFile; fileRef = F9B478AB1593C23C00C20A53 /* harrison-rounded-corners.png */; };
		F9B478C61593C23C00C20A53 /* hsiao-rounded-corners.png in Resources */ = {isa = PBXBuildFile; fileRef = F9B478AC1593C23C00C20A53 /* hsiao-rounded-corners.png */; };
		F9B478C71593C23C00C20A53 /* jiang-rounded-corners.png in Resources */ = {isa = PBXBuildFile; fileRef = F9B478AD1593C23C00C20A53 /* jiang-rounded-corners.png */; };
		F9B478C81593C23C00C20A53 /* link-view-title-bar.png in Resources */ = {isa = PBXBuildFile; fileRef = F9B478AE1593C23C00C20A53 /* link-view-title-bar.png */; };
		F9B478C91593C23C00C20A53 /* link-view-title-bar@2x.png in Resources */ = {isa = PBXBuildFile; fileRef = F9B478AF1593C23C00C20A53 /* link-view-title-bar@2x.png */; };
		F9B478CA1593C23C00C20A53 /* link-view-titlebar-drop-shadow.png in Resources */ = {isa = PBXBuildFile; fileRef = F9B478B01593C23C00C20A53 /* link-view-titlebar-drop-shadow.png */; };
		F9B478CB1593C23C00C20A53 /* movie-icon-badge.png in Resources */ = {isa = PBXBuildFile; fileRef = F9B478B11593C23C00C20A53 /* movie-icon-badge.png */; };
		F9B478CC1593C23C00C20A53 /* movie-icon.png in Resources */ = {isa = PBXBuildFile; fileRef = F9B478B21593C23C00C20A53 /* movie-icon.png */; };
		F9B478CD1593C23C00C20A53 /* music-icon-badge.png in Resources */ = {isa = PBXBuildFile; fileRef = F9B478B31593C23C00C20A53 /* music-icon-badge.png */; };
		F9B478CE1593C23C00C20A53 /* music-icon.png in Resources */ = {isa = PBXBuildFile; fileRef = F9B478B41593C23C00C20A53 /* music-icon.png */; };
		F9B478CF1593C23C00C20A53 /* music-section-divider.png in Resources */ = {isa = PBXBuildFile; fileRef = F9B478B51593C23C00C20A53 /* music-section-divider.png */; };
		F9B478D01593C23C00C20A53 /* music-section-divider@2x.png in Resources */ = {isa = PBXBuildFile; fileRef = F9B478B61593C23C00C20A53 /* music-section-divider@2x.png */; };
		F9B478D11593C23C00C20A53 /* pelberg-rounded-corners.png in Resources */ = {isa = PBXBuildFile; fileRef = F9B478B71593C23C00C20A53 /* pelberg-rounded-corners.png */; };
		F9B478D21593C23C00C20A53 /* places-icon-badge.png in Resources */ = {isa = PBXBuildFile; fileRef = F9B478B81593C23C00C20A53 /* places-icon-badge.png */; };
		F9B478D31593C23C00C20A53 /* places-icon.png in Resources */ = {isa = PBXBuildFile; fileRef = F9B478B91593C23C00C20A53 /* places-icon.png */; };
		F9B478D41593C23C00C20A53 /* places-section-divider.png in Resources */ = {isa = PBXBuildFile; fileRef = F9B478BA1593C23C00C20A53 /* places-section-divider.png */; };
		F9B478D51593C23C00C20A53 /* places-section-divider@2x.png in Resources */ = {isa = PBXBuildFile; fileRef = F9B478BB1593C23C00C20A53 /* places-section-divider@2x.png */; };
		F9B478D61593C23C00C20A53 /* silver-greenberg-rounded-corners.png in Resources */ = {isa = PBXBuildFile; fileRef = F9B478BC1593C23C00C20A53 /* silver-greenberg-rounded-corners.png */; };
		F9B478D71593C23C00C20A53 /* spotify-icon.png in Resources */ = {isa = PBXBuildFile; fileRef = F9B478BD1593C23C00C20A53 /* spotify-icon.png */; };
		F9B478D81593C23C00C20A53 /* videos-section-divider.png in Resources */ = {isa = PBXBuildFile; fileRef = F9B478BE1593C23C00C20A53 /* videos-section-divider.png */; };
		F9B478D91593C23C00C20A53 /* videos-section-divider@2x.png in Resources */ = {isa = PBXBuildFile; fileRef = F9B478BF1593C23C00C20A53 /* videos-section-divider@2x.png */; };
		F9B478DA1593C23C00C20A53 /* youtube-icon.png in Resources */ = {isa = PBXBuildFile; fileRef = F9B478C01593C23C00C20A53 /* youtube-icon.png */; };
/* End PBXBuildFile section */

/* Begin PBXFileReference section */
		3EE8DB091593BF9A009DCCA3 /* Piggybackv2.app */ = {isa = PBXFileReference; explicitFileType = wrapper.application; includeInIndex = 0; path = Piggybackv2.app; sourceTree = BUILT_PRODUCTS_DIR; };
		3EE8DB0D1593BF9A009DCCA3 /* UIKit.framework */ = {isa = PBXFileReference; lastKnownFileType = wrapper.framework; name = UIKit.framework; path = System/Library/Frameworks/UIKit.framework; sourceTree = SDKROOT; };
		3EE8DB0F1593BF9A009DCCA3 /* Foundation.framework */ = {isa = PBXFileReference; lastKnownFileType = wrapper.framework; name = Foundation.framework; path = System/Library/Frameworks/Foundation.framework; sourceTree = SDKROOT; };
		3EE8DB111593BF9A009DCCA3 /* CoreGraphics.framework */ = {isa = PBXFileReference; lastKnownFileType = wrapper.framework; name = CoreGraphics.framework; path = System/Library/Frameworks/CoreGraphics.framework; sourceTree = SDKROOT; };
		3EE8DB151593BF9A009DCCA3 /* Piggybackv2-Info.plist */ = {isa = PBXFileReference; lastKnownFileType = text.plist.xml; path = "Piggybackv2-Info.plist"; sourceTree = "<group>"; };
		3EE8DB171593BF9A009DCCA3 /* en */ = {isa = PBXFileReference; lastKnownFileType = text.plist.strings; name = en; path = en.lproj/InfoPlist.strings; sourceTree = "<group>"; };
		3EE8DB191593BF9A009DCCA3 /* main.m */ = {isa = PBXFileReference; lastKnownFileType = sourcecode.c.objc; path = main.m; sourceTree = "<group>"; };
		3EE8DB1B1593BF9A009DCCA3 /* Piggybackv2-Prefix.pch */ = {isa = PBXFileReference; lastKnownFileType = sourcecode.c.h; path = "Piggybackv2-Prefix.pch"; sourceTree = "<group>"; };
		3EE8DB1C1593BF9A009DCCA3 /* AppDelegate.h */ = {isa = PBXFileReference; lastKnownFileType = sourcecode.c.h; path = AppDelegate.h; sourceTree = "<group>"; };
		3EE8DB1D1593BF9A009DCCA3 /* AppDelegate.m */ = {isa = PBXFileReference; lastKnownFileType = sourcecode.c.objc; path = AppDelegate.m; sourceTree = "<group>"; };
		3EE8DB201593BF9A009DCCA3 /* en */ = {isa = PBXFileReference; lastKnownFileType = file.storyboard; name = en; path = en.lproj/MainStoryboard.storyboard; sourceTree = "<group>"; };
		F930520A1593C53E00E9DA06 /* YouTubeCell.h */ = {isa = PBXFileReference; fileEncoding = 4; lastKnownFileType = sourcecode.c.h; path = YouTubeCell.h; sourceTree = "<group>"; };
		F930520B1593C53E00E9DA06 /* YouTubeCell.m */ = {isa = PBXFileReference; fileEncoding = 4; lastKnownFileType = sourcecode.c.objc; path = YouTubeCell.m; sourceTree = "<group>"; };
		F930520D1593C7B100E9DA06 /* YouTubeTableViewController.h */ = {isa = PBXFileReference; fileEncoding = 4; lastKnownFileType = sourcecode.c.h; path = YouTubeTableViewController.h; sourceTree = "<group>"; };
		F930520E1593C7B100E9DA06 /* YouTubeTableViewController.m */ = {isa = PBXFileReference; fileEncoding = 4; lastKnownFileType = sourcecode.c.objc; path = YouTubeTableViewController.m; sourceTree = "<group>"; };
		F93052101593C7FA00E9DA06 /* Constants.h */ = {isa = PBXFileReference; fileEncoding = 4; lastKnownFileType = sourcecode.c.h; path = Constants.h; sourceTree = "<group>"; };
		F93052111593C7FA00E9DA06 /* Constants.m */ = {isa = PBXFileReference; fileEncoding = 4; lastKnownFileType = sourcecode.c.objc; path = Constants.m; sourceTree = "<group>"; };
		F9B478A71593C23C00C20A53 /* book-icon-badge.png */ = {isa = PBXFileReference; lastKnownFileType = image.png; path = "book-icon-badge.png"; sourceTree = "<group>"; };
		F9B478A81593C23C00C20A53 /* book-icon.png */ = {isa = PBXFileReference; lastKnownFileType = image.png; path = "book-icon.png"; sourceTree = "<group>"; };
		F9B478A91593C23C00C20A53 /* foursquare-icon.png */ = {isa = PBXFileReference; lastKnownFileType = image.png; path = "foursquare-icon.png"; sourceTree = "<group>"; };
		F9B478AA1593C23C00C20A53 /* gao-rounded-corners.png */ = {isa = PBXFileReference; lastKnownFileType = image.png; path = "gao-rounded-corners.png"; sourceTree = "<group>"; };
		F9B478AB1593C23C00C20A53 /* harrison-rounded-corners.png */ = {isa = PBXFileReference; lastKnownFileType = image.png; path = "harrison-rounded-corners.png"; sourceTree = "<group>"; };
		F9B478AC1593C23C00C20A53 /* hsiao-rounded-corners.png */ = {isa = PBXFileReference; lastKnownFileType = image.png; path = "hsiao-rounded-corners.png"; sourceTree = "<group>"; };
		F9B478AD1593C23C00C20A53 /* jiang-rounded-corners.png */ = {isa = PBXFileReference; lastKnownFileType = image.png; path = "jiang-rounded-corners.png"; sourceTree = "<group>"; };
		F9B478AE1593C23C00C20A53 /* link-view-title-bar.png */ = {isa = PBXFileReference; lastKnownFileType = image.png; path = "link-view-title-bar.png"; sourceTree = "<group>"; };
		F9B478AF1593C23C00C20A53 /* link-view-title-bar@2x.png */ = {isa = PBXFileReference; lastKnownFileType = image.png; path = "link-view-title-bar@2x.png"; sourceTree = "<group>"; };
		F9B478B01593C23C00C20A53 /* link-view-titlebar-drop-shadow.png */ = {isa = PBXFileReference; lastKnownFileType = image.png; path = "link-view-titlebar-drop-shadow.png"; sourceTree = "<group>"; };
		F9B478B11593C23C00C20A53 /* movie-icon-badge.png */ = {isa = PBXFileReference; lastKnownFileType = image.png; path = "movie-icon-badge.png"; sourceTree = "<group>"; };
		F9B478B21593C23C00C20A53 /* movie-icon.png */ = {isa = PBXFileReference; lastKnownFileType = image.png; path = "movie-icon.png"; sourceTree = "<group>"; };
		F9B478B31593C23C00C20A53 /* music-icon-badge.png */ = {isa = PBXFileReference; lastKnownFileType = image.png; path = "music-icon-badge.png"; sourceTree = "<group>"; };
		F9B478B41593C23C00C20A53 /* music-icon.png */ = {isa = PBXFileReference; lastKnownFileType = image.png; path = "music-icon.png"; sourceTree = "<group>"; };
		F9B478B51593C23C00C20A53 /* music-section-divider.png */ = {isa = PBXFileReference; lastKnownFileType = image.png; path = "music-section-divider.png"; sourceTree = "<group>"; };
		F9B478B61593C23C00C20A53 /* music-section-divider@2x.png */ = {isa = PBXFileReference; lastKnownFileType = image.png; path = "music-section-divider@2x.png"; sourceTree = "<group>"; };
		F9B478B71593C23C00C20A53 /* pelberg-rounded-corners.png */ = {isa = PBXFileReference; lastKnownFileType = image.png; path = "pelberg-rounded-corners.png"; sourceTree = "<group>"; };
		F9B478B81593C23C00C20A53 /* places-icon-badge.png */ = {isa = PBXFileReference; lastKnownFileType = image.png; path = "places-icon-badge.png"; sourceTree = "<group>"; };
		F9B478B91593C23C00C20A53 /* places-icon.png */ = {isa = PBXFileReference; lastKnownFileType = image.png; path = "places-icon.png"; sourceTree = "<group>"; };
		F9B478BA1593C23C00C20A53 /* places-section-divider.png */ = {isa = PBXFileReference; lastKnownFileType = image.png; path = "places-section-divider.png"; sourceTree = "<group>"; };
		F9B478BB1593C23C00C20A53 /* places-section-divider@2x.png */ = {isa = PBXFileReference; lastKnownFileType = image.png; path = "places-section-divider@2x.png"; sourceTree = "<group>"; };
		F9B478BC1593C23C00C20A53 /* silver-greenberg-rounded-corners.png */ = {isa = PBXFileReference; lastKnownFileType = image.png; path = "silver-greenberg-rounded-corners.png"; sourceTree = "<group>"; };
		F9B478BD1593C23C00C20A53 /* spotify-icon.png */ = {isa = PBXFileReference; lastKnownFileType = image.png; path = "spotify-icon.png"; sourceTree = "<group>"; };
		F9B478BE1593C23C00C20A53 /* videos-section-divider.png */ = {isa = PBXFileReference; lastKnownFileType = image.png; path = "videos-section-divider.png"; sourceTree = "<group>"; };
		F9B478BF1593C23C00C20A53 /* videos-section-divider@2x.png */ = {isa = PBXFileReference; lastKnownFileType = image.png; path = "videos-section-divider@2x.png"; sourceTree = "<group>"; };
		F9B478C01593C23C00C20A53 /* youtube-icon.png */ = {isa = PBXFileReference; lastKnownFileType = image.png; path = "youtube-icon.png"; sourceTree = "<group>"; };
/* End PBXFileReference section */

/* Begin PBXFrameworksBuildPhase section */
		3EE8DB061593BF9A009DCCA3 /* Frameworks */ = {
			isa = PBXFrameworksBuildPhase;
			buildActionMask = 2147483647;
			files = (
				3EE8DB0E1593BF9A009DCCA3 /* UIKit.framework in Frameworks */,
				3EE8DB101593BF9A009DCCA3 /* Foundation.framework in Frameworks */,
				3EE8DB121593BF9A009DCCA3 /* CoreGraphics.framework in Frameworks */,
			);
			runOnlyForDeploymentPostprocessing = 0;
		};
/* End PBXFrameworksBuildPhase section */

/* Begin PBXGroup section */
		3EE8DAFE1593BF9A009DCCA3 = {
			isa = PBXGroup;
			children = (
				3EE8DB131593BF9A009DCCA3 /* Piggybackv2 */,
				F9B478711593C16F00C20A53 /* Resources */,
				3EE8DB0C1593BF9A009DCCA3 /* Frameworks */,
				3EE8DB0A1593BF9A009DCCA3 /* Products */,
			);
			sourceTree = "<group>";
		};
		3EE8DB0A1593BF9A009DCCA3 /* Products */ = {
			isa = PBXGroup;
			children = (
				3EE8DB091593BF9A009DCCA3 /* Piggybackv2.app */,
			);
			name = Products;
			sourceTree = "<group>";
		};
		3EE8DB0C1593BF9A009DCCA3 /* Frameworks */ = {
			isa = PBXGroup;
			children = (
				3EE8DB0D1593BF9A009DCCA3 /* UIKit.framework */,
				3EE8DB0F1593BF9A009DCCA3 /* Foundation.framework */,
				3EE8DB111593BF9A009DCCA3 /* CoreGraphics.framework */,
			);
			name = Frameworks;
			sourceTree = "<group>";
		};
		3EE8DB131593BF9A009DCCA3 /* Piggybackv2 */ = {
			isa = PBXGroup;
			children = (
				3EE8DB1F1593BF9A009DCCA3 /* MainStoryboard.storyboard */,
				3EE8DB1C1593BF9A009DCCA3 /* AppDelegate.h */,
				3EE8DB1D1593BF9A009DCCA3 /* AppDelegate.m */,
				F930520D1593C7B100E9DA06 /* YouTubeTableViewController.h */,
				F930520E1593C7B100E9DA06 /* YouTubeTableViewController.m */,
				3EE8DB141593BF9A009DCCA3 /* Supporting Files */,
				F930520A1593C53E00E9DA06 /* YouTubeCell.h */,
				F930520B1593C53E00E9DA06 /* YouTubeCell.m */,
			);
			path = Piggybackv2;
			sourceTree = "<group>";
		};
		3EE8DB141593BF9A009DCCA3 /* Supporting Files */ = {
			isa = PBXGroup;
			children = (
				F93052101593C7FA00E9DA06 /* Constants.h */,
				F93052111593C7FA00E9DA06 /* Constants.m */,
				3EE8DB151593BF9A009DCCA3 /* Piggybackv2-Info.plist */,
				3EE8DB161593BF9A009DCCA3 /* InfoPlist.strings */,
				3EE8DB191593BF9A009DCCA3 /* main.m */,
				3EE8DB1B1593BF9A009DCCA3 /* Piggybackv2-Prefix.pch */,
			);
			name = "Supporting Files";
			sourceTree = "<group>";
		};
		F9B478711593C16F00C20A53 /* Resources */ = {
			isa = PBXGroup;
			children = (
				F9B478A71593C23C00C20A53 /* book-icon-badge.png */,
				F9B478A81593C23C00C20A53 /* book-icon.png */,
				F9B478A91593C23C00C20A53 /* foursquare-icon.png */,
				F9B478AA1593C23C00C20A53 /* gao-rounded-corners.png */,
				F9B478AB1593C23C00C20A53 /* harrison-rounded-corners.png */,
				F9B478AC1593C23C00C20A53 /* hsiao-rounded-corners.png */,
				F9B478AD1593C23C00C20A53 /* jiang-rounded-corners.png */,
				F9B478AE1593C23C00C20A53 /* link-view-title-bar.png */,
				F9B478AF1593C23C00C20A53 /* link-view-title-bar@2x.png */,
				F9B478B01593C23C00C20A53 /* link-view-titlebar-drop-shadow.png */,
				F9B478B11593C23C00C20A53 /* movie-icon-badge.png */,
				F9B478B21593C23C00C20A53 /* movie-icon.png */,
				F9B478B31593C23C00C20A53 /* music-icon-badge.png */,
				F9B478B41593C23C00C20A53 /* music-icon.png */,
				F9B478B51593C23C00C20A53 /* music-section-divider.png */,
				F9B478B61593C23C00C20A53 /* music-section-divider@2x.png */,
				F9B478B71593C23C00C20A53 /* pelberg-rounded-corners.png */,
				F9B478B81593C23C00C20A53 /* places-icon-badge.png */,
				F9B478B91593C23C00C20A53 /* places-icon.png */,
				F9B478BA1593C23C00C20A53 /* places-section-divider.png */,
				F9B478BB1593C23C00C20A53 /* places-section-divider@2x.png */,
				F9B478BC1593C23C00C20A53 /* silver-greenberg-rounded-corners.png */,
				F9B478BD1593C23C00C20A53 /* spotify-icon.png */,
				F9B478BE1593C23C00C20A53 /* videos-section-divider.png */,
				F9B478BF1593C23C00C20A53 /* videos-section-divider@2x.png */,
				F9B478C01593C23C00C20A53 /* youtube-icon.png */,
			);
			name = Resources;
			path = Piggybackv2;
			sourceTree = "<group>";
		};
/* End PBXGroup section */

/* Begin PBXNativeTarget section */
		3EE8DB081593BF9A009DCCA3 /* Piggybackv2 */ = {
			isa = PBXNativeTarget;
			buildConfigurationList = 3EE8DB271593BF9A009DCCA3 /* Build configuration list for PBXNativeTarget "Piggybackv2" */;
			buildPhases = (
				3EE8DB051593BF9A009DCCA3 /* Sources */,
				3EE8DB061593BF9A009DCCA3 /* Frameworks */,
				3EE8DB071593BF9A009DCCA3 /* Resources */,
			);
			buildRules = (
			);
			dependencies = (
			);
			name = Piggybackv2;
			productName = Piggybackv2;
			productReference = 3EE8DB091593BF9A009DCCA3 /* Piggybackv2.app */;
			productType = "com.apple.product-type.application";
		};
/* End PBXNativeTarget section */

/* Begin PBXProject section */
		3EE8DB001593BF9A009DCCA3 /* Project object */ = {
			isa = PBXProject;
			attributes = {
				LastUpgradeCheck = 0430;
				ORGANIZATIONNAME = Calimucho;
			};
			buildConfigurationList = 3EE8DB031593BF9A009DCCA3 /* Build configuration list for PBXProject "Piggybackv2" */;
			compatibilityVersion = "Xcode 3.2";
			developmentRegion = English;
			hasScannedForEncodings = 0;
			knownRegions = (
				en,
			);
			mainGroup = 3EE8DAFE1593BF9A009DCCA3;
			productRefGroup = 3EE8DB0A1593BF9A009DCCA3 /* Products */;
			projectDirPath = "";
			projectRoot = "";
			targets = (
				3EE8DB081593BF9A009DCCA3 /* Piggybackv2 */,
			);
		};
/* End PBXProject section */

/* Begin PBXResourcesBuildPhase section */
		3EE8DB071593BF9A009DCCA3 /* Resources */ = {
			isa = PBXResourcesBuildPhase;
			buildActionMask = 2147483647;
			files = (
				3EE8DB181593BF9A009DCCA3 /* InfoPlist.strings in Resources */,
				3EE8DB211593BF9A009DCCA3 /* MainStoryboard.storyboard in Resources */,
				F9B478C11593C23C00C20A53 /* book-icon-badge.png in Resources */,
				F9B478C21593C23C00C20A53 /* book-icon.png in Resources */,
				F9B478C31593C23C00C20A53 /* foursquare-icon.png in Resources */,
				F9B478C41593C23C00C20A53 /* gao-rounded-corners.png in Resources */,
				F9B478C51593C23C00C20A53 /* harrison-rounded-corners.png in Resources */,
				F9B478C61593C23C00C20A53 /* hsiao-rounded-corners.png in Resources */,
				F9B478C71593C23C00C20A53 /* jiang-rounded-corners.png in Resources */,
				F9B478C81593C23C00C20A53 /* link-view-title-bar.png in Resources */,
				F9B478C91593C23C00C20A53 /* link-view-title-bar@2x.png in Resources */,
				F9B478CA1593C23C00C20A53 /* link-view-titlebar-drop-shadow.png in Resources */,
				F9B478CB1593C23C00C20A53 /* movie-icon-badge.png in Resources */,
				F9B478CC1593C23C00C20A53 /* movie-icon.png in Resources */,
				F9B478CD1593C23C00C20A53 /* music-icon-badge.png in Resources */,
				F9B478CE1593C23C00C20A53 /* music-icon.png in Resources */,
				F9B478CF1593C23C00C20A53 /* music-section-divider.png in Resources */,
				F9B478D01593C23C00C20A53 /* music-section-divider@2x.png in Resources */,
				F9B478D11593C23C00C20A53 /* pelberg-rounded-corners.png in Resources */,
				F9B478D21593C23C00C20A53 /* places-icon-badge.png in Resources */,
				F9B478D31593C23C00C20A53 /* places-icon.png in Resources */,
				F9B478D41593C23C00C20A53 /* places-section-divider.png in Resources */,
				F9B478D51593C23C00C20A53 /* places-section-divider@2x.png in Resources */,
				F9B478D61593C23C00C20A53 /* silver-greenberg-rounded-corners.png in Resources */,
				F9B478D71593C23C00C20A53 /* spotify-icon.png in Resources */,
				F9B478D81593C23C00C20A53 /* videos-section-divider.png in Resources */,
				F9B478D91593C23C00C20A53 /* videos-section-divider@2x.png in Resources */,
				F9B478DA1593C23C00C20A53 /* youtube-icon.png in Resources */,
			);
			runOnlyForDeploymentPostprocessing = 0;
		};
/* End PBXResourcesBuildPhase section */

/* Begin PBXSourcesBuildPhase section */
		3EE8DB051593BF9A009DCCA3 /* Sources */ = {
			isa = PBXSourcesBuildPhase;
			buildActionMask = 2147483647;
			files = (
				3EE8DB1A1593BF9A009DCCA3 /* main.m in Sources */,
				3EE8DB1E1593BF9A009DCCA3 /* AppDelegate.m in Sources */,
				F930520C1593C53E00E9DA06 /* YouTubeCell.m in Sources */,
				F930520F1593C7B100E9DA06 /* YouTubeTableViewController.m in Sources */,
				F93052121593C7FA00E9DA06 /* Constants.m in Sources */,
			);
			runOnlyForDeploymentPostprocessing = 0;
		};
/* End PBXSourcesBuildPhase section */

/* Begin PBXVariantGroup section */
		3EE8DB161593BF9A009DCCA3 /* InfoPlist.strings */ = {
			isa = PBXVariantGroup;
			children = (
				3EE8DB171593BF9A009DCCA3 /* en */,
			);
			name = InfoPlist.strings;
			sourceTree = "<group>";
		};
		3EE8DB1F1593BF9A009DCCA3 /* MainStoryboard.storyboard */ = {
			isa = PBXVariantGroup;
			children = (
				3EE8DB201593BF9A009DCCA3 /* en */,
			);
			name = MainStoryboard.storyboard;
			sourceTree = "<group>";
		};
/* End PBXVariantGroup section */

/* Begin XCBuildConfiguration section */
		3EE8DB251593BF9A009DCCA3 /* Debug */ = {
			isa = XCBuildConfiguration;
			buildSettings = {
				ALWAYS_SEARCH_USER_PATHS = NO;
				ARCHS = "$(ARCHS_STANDARD_32_BIT)";
				CLANG_ENABLE_OBJC_ARC = YES;
				"CODE_SIGN_IDENTITY[sdk=iphoneos*]" = "iPhone Developer";
				COPY_PHASE_STRIP = NO;
				GCC_C_LANGUAGE_STANDARD = gnu99;
				GCC_DYNAMIC_NO_PIC = NO;
				GCC_OPTIMIZATION_LEVEL = 0;
				GCC_PREPROCESSOR_DEFINITIONS = (
					"DEBUG=1",
					"$(inherited)",
				);
				GCC_SYMBOLS_PRIVATE_EXTERN = NO;
				GCC_VERSION = com.apple.compilers.llvm.clang.1_0;
				GCC_WARN_ABOUT_RETURN_TYPE = YES;
				GCC_WARN_UNINITIALIZED_AUTOS = YES;
				GCC_WARN_UNUSED_VARIABLE = YES;
				IPHONEOS_DEPLOYMENT_TARGET = 5.1;
				OTHER_LDFLAGS = (
					"-all_load",
					"-ObjC",
				);
				SDKROOT = iphoneos;
			};
			name = Debug;
		};
		3EE8DB261593BF9A009DCCA3 /* Release */ = {
			isa = XCBuildConfiguration;
			buildSettings = {
				ALWAYS_SEARCH_USER_PATHS = NO;
				ARCHS = "$(ARCHS_STANDARD_32_BIT)";
				CLANG_ENABLE_OBJC_ARC = YES;
				"CODE_SIGN_IDENTITY[sdk=iphoneos*]" = "iPhone Developer";
				COPY_PHASE_STRIP = YES;
				GCC_C_LANGUAGE_STANDARD = gnu99;
				GCC_VERSION = com.apple.compilers.llvm.clang.1_0;
				GCC_WARN_ABOUT_RETURN_TYPE = YES;
				GCC_WARN_UNINITIALIZED_AUTOS = YES;
				GCC_WARN_UNUSED_VARIABLE = YES;
				IPHONEOS_DEPLOYMENT_TARGET = 5.1;
				OTHER_CFLAGS = "-DNS_BLOCK_ASSERTIONS=1";
				OTHER_LDFLAGS = (
					"-all_load",
					"-ObjC",
				);
				SDKROOT = iphoneos;
				VALIDATE_PRODUCT = YES;
			};
			name = Release;
		};
		3EE8DB281593BF9A009DCCA3 /* Debug */ = {
			isa = XCBuildConfiguration;
			buildSettings = {
				GCC_PRECOMPILE_PREFIX_HEADER = YES;
				GCC_PREFIX_HEADER = "Piggybackv2/Piggybackv2-Prefix.pch";
				INFOPLIST_FILE = "Piggybackv2/Piggybackv2-Info.plist";
				OTHER_LDFLAGS = (
					"-all_load",
					"-ObjC",
				);
				PRODUCT_NAME = "$(TARGET_NAME)";
				WRAPPER_EXTENSION = app;
			};
			name = Debug;
		};
		3EE8DB291593BF9A009DCCA3 /* Release */ = {
			isa = XCBuildConfiguration;
			buildSettings = {
				GCC_PRECOMPILE_PREFIX_HEADER = YES;
				GCC_PREFIX_HEADER = "Piggybackv2/Piggybackv2-Prefix.pch";
				INFOPLIST_FILE = "Piggybackv2/Piggybackv2-Info.plist";
				OTHER_LDFLAGS = (
					"-all_load",
					"-ObjC",
				);
				PRODUCT_NAME = "$(TARGET_NAME)";
				WRAPPER_EXTENSION = app;
			};
			name = Release;
		};
/* End XCBuildConfiguration section */

/* Begin XCConfigurationList section */
		3EE8DB031593BF9A009DCCA3 /* Build configuration list for PBXProject "Piggybackv2" */ = {
			isa = XCConfigurationList;
			buildConfigurations = (
				3EE8DB251593BF9A009DCCA3 /* Debug */,
				3EE8DB261593BF9A009DCCA3 /* Release */,
			);
			defaultConfigurationIsVisible = 0;
			defaultConfigurationName = Release;
		};
		3EE8DB271593BF9A009DCCA3 /* Build configuration list for PBXNativeTarget "Piggybackv2" */ = {
			isa = XCConfigurationList;
			buildConfigurations = (
				3EE8DB281593BF9A009DCCA3 /* Debug */,
				3EE8DB291593BF9A009DCCA3 /* Release */,
			);
			defaultConfigurationIsVisible = 0;
			defaultConfigurationName = Release;
		};
/* End XCConfigurationList section */
	};
	rootObject = 3EE8DB001593BF9A009DCCA3 /* Project object */;
}
