// !$*UTF8*$!
{
	archiveVersion = 1;
	classes = {
	};
	objectVersion = 46;
	objects = {

/* Begin PBXBuildFile section */
		3E2FAA2E15943BC000142705 /* ListenTableViewController.m in Sources */ = {isa = PBXBuildFile; fileRef = 3E2FAA2D15943BC000142705 /* ListenTableViewController.m */; };
		3E3165331593D51700344F36 /* SystemConfiguration.framework in Frameworks */ = {isa = PBXBuildFile; fileRef = 3E3165321593D51700344F36 /* SystemConfiguration.framework */; };
		3E3165351593D51C00344F36 /* CFNetwork.framework in Frameworks */ = {isa = PBXBuildFile; fileRef = 3E3165341593D51C00344F36 /* CFNetwork.framework */; };
		3E3165371593D52000344F36 /* libstdc++.dylib in Frameworks */ = {isa = PBXBuildFile; fileRef = 3E3165361593D52000344F36 /* libstdc++.dylib */; };
		3E3165391593D52400344F36 /* CoreAudio.framework in Frameworks */ = {isa = PBXBuildFile; fileRef = 3E3165381593D52400344F36 /* CoreAudio.framework */; };
		3E31653B1593D52900344F36 /* AudioToolbox.framework in Frameworks */ = {isa = PBXBuildFile; fileRef = 3E31653A1593D52900344F36 /* AudioToolbox.framework */; };
		3E31653D1593D52D00344F36 /* AVFoundation.framework in Frameworks */ = {isa = PBXBuildFile; fileRef = 3E31653C1593D52D00344F36 /* AVFoundation.framework */; };
		3E3168401593D8D700344F36 /* libCocoaLibSpotify.a in Frameworks */ = {isa = PBXBuildFile; fileRef = 3E31683B1593D8D000344F36 /* libCocoaLibSpotify.a */; };
		3E51D6791593DF0000EEBD36 /* SPLoginResources.bundle in Resources */ = {isa = PBXBuildFile; fileRef = 3E51D6781593DF0000EEBD36 /* SPLoginResources.bundle */; };
		3E51D6E81593E04F00EEBD36 /* book-icon-badge.png in Resources */ = {isa = PBXBuildFile; fileRef = 3E51D6B21593E04F00EEBD36 /* book-icon-badge.png */; };
		3E51D6E91593E04F00EEBD36 /* book-icon-badge@2x.png in Resources */ = {isa = PBXBuildFile; fileRef = 3E51D6B31593E04F00EEBD36 /* book-icon-badge@2x.png */; };
		3E51D6EA1593E04F00EEBD36 /* book-icon.png in Resources */ = {isa = PBXBuildFile; fileRef = 3E51D6B41593E04F00EEBD36 /* book-icon.png */; };
		3E51D6EB1593E04F00EEBD36 /* book-icon@2x.png in Resources */ = {isa = PBXBuildFile; fileRef = 3E51D6B51593E04F00EEBD36 /* book-icon@2x.png */; };
		3E51D6EC1593E04F00EEBD36 /* continue-button.png in Resources */ = {isa = PBXBuildFile; fileRef = 3E51D6B61593E04F00EEBD36 /* continue-button.png */; };
		3E51D6ED1593E04F00EEBD36 /* continue-button@2x.png in Resources */ = {isa = PBXBuildFile; fileRef = 3E51D6B71593E04F00EEBD36 /* continue-button@2x.png */; };
		3E51D6EE1593E04F00EEBD36 /* explore-view-titlebar.png in Resources */ = {isa = PBXBuildFile; fileRef = 3E51D6B81593E04F00EEBD36 /* explore-view-titlebar.png */; };
		3E51D6EF1593E04F00EEBD36 /* explore-view-titlebar@2x.png in Resources */ = {isa = PBXBuildFile; fileRef = 3E51D6B91593E04F00EEBD36 /* explore-view-titlebar@2x.png */; };
		3E51D6F01593E04F00EEBD36 /* foursquare-icon.png in Resources */ = {isa = PBXBuildFile; fileRef = 3E51D6BA1593E04F00EEBD36 /* foursquare-icon.png */; };
		3E51D6F11593E04F00EEBD36 /* foursquare-icon@2x.png in Resources */ = {isa = PBXBuildFile; fileRef = 3E51D6BB1593E04F00EEBD36 /* foursquare-icon@2x.png */; };
		3E51D6F21593E04F00EEBD36 /* gao-rounded-corners.png in Resources */ = {isa = PBXBuildFile; fileRef = 3E51D6BC1593E04F00EEBD36 /* gao-rounded-corners.png */; };
		3E51D6F31593E04F00EEBD36 /* harrison-rounded-corners.png in Resources */ = {isa = PBXBuildFile; fileRef = 3E51D6BD1593E04F00EEBD36 /* harrison-rounded-corners.png */; };
		3E51D6F41593E04F00EEBD36 /* heart-button.png in Resources */ = {isa = PBXBuildFile; fileRef = 3E51D6BE1593E04F00EEBD36 /* heart-button.png */; };
		3E51D6F51593E04F00EEBD36 /* heart-button@2x.png in Resources */ = {isa = PBXBuildFile; fileRef = 3E51D6BF1593E04F00EEBD36 /* heart-button@2x.png */; };
		3E51D6F61593E04F00EEBD36 /* heart-pressed-button.png in Resources */ = {isa = PBXBuildFile; fileRef = 3E51D6C01593E04F00EEBD36 /* heart-pressed-button.png */; };
		3E51D6F71593E04F00EEBD36 /* heart-pressed-button@2x.png in Resources */ = {isa = PBXBuildFile; fileRef = 3E51D6C11593E04F00EEBD36 /* heart-pressed-button@2x.png */; };
		3E51D6F81593E04F00EEBD36 /* hsiao-rounded-corners.png in Resources */ = {isa = PBXBuildFile; fileRef = 3E51D6C21593E04F00EEBD36 /* hsiao-rounded-corners.png */; };
		3E51D6F91593E04F00EEBD36 /* jiang-rounded-corners.png in Resources */ = {isa = PBXBuildFile; fileRef = 3E51D6C31593E04F00EEBD36 /* jiang-rounded-corners.png */; };
		3E51D6FA1593E04F00EEBD36 /* link-view-title-bar.png in Resources */ = {isa = PBXBuildFile; fileRef = 3E51D6C41593E04F00EEBD36 /* link-view-title-bar.png */; };
		3E51D6FB1593E04F00EEBD36 /* link-view-title-bar@2x.png in Resources */ = {isa = PBXBuildFile; fileRef = 3E51D6C51593E04F00EEBD36 /* link-view-title-bar@2x.png */; };
		3E51D6FC1593E04F00EEBD36 /* link-view-titlebar-drop-shadow.png in Resources */ = {isa = PBXBuildFile; fileRef = 3E51D6C61593E04F00EEBD36 /* link-view-titlebar-drop-shadow.png */; };
		3E51D6FD1593E04F00EEBD36 /* link-view-titlebar-drop-shadow@2x.png in Resources */ = {isa = PBXBuildFile; fileRef = 3E51D6C71593E04F00EEBD36 /* link-view-titlebar-drop-shadow@2x.png */; };
		3E51D6FE1593E04F00EEBD36 /* listen-view-titlebar.png in Resources */ = {isa = PBXBuildFile; fileRef = 3E51D6C81593E04F00EEBD36 /* listen-view-titlebar.png */; };
		3E51D6FF1593E04F00EEBD36 /* listen-view-titlebar@2x.png in Resources */ = {isa = PBXBuildFile; fileRef = 3E51D6C91593E04F00EEBD36 /* listen-view-titlebar@2x.png */; };
		3E51D7001593E04F00EEBD36 /* movie-icon-badge.png in Resources */ = {isa = PBXBuildFile; fileRef = 3E51D6CA1593E04F00EEBD36 /* movie-icon-badge.png */; };
		3E51D7011593E04F00EEBD36 /* movie-icon-badge@2x.png in Resources */ = {isa = PBXBuildFile; fileRef = 3E51D6CB1593E04F00EEBD36 /* movie-icon-badge@2x.png */; };
		3E51D7021593E04F00EEBD36 /* movie-icon.png in Resources */ = {isa = PBXBuildFile; fileRef = 3E51D6CC1593E04F00EEBD36 /* movie-icon.png */; };
		3E51D7031593E04F00EEBD36 /* movie-icon@2x.png in Resources */ = {isa = PBXBuildFile; fileRef = 3E51D6CD1593E04F00EEBD36 /* movie-icon@2x.png */; };
		3E51D7041593E04F00EEBD36 /* music-icon-badge.png in Resources */ = {isa = PBXBuildFile; fileRef = 3E51D6CE1593E04F00EEBD36 /* music-icon-badge.png */; };
		3E51D7051593E04F00EEBD36 /* music-icon-badge@2x.png in Resources */ = {isa = PBXBuildFile; fileRef = 3E51D6CF1593E04F00EEBD36 /* music-icon-badge@2x.png */; };
		3E51D7061593E04F00EEBD36 /* music-icon.png in Resources */ = {isa = PBXBuildFile; fileRef = 3E51D6D01593E04F00EEBD36 /* music-icon.png */; };
		3E51D7071593E04F00EEBD36 /* music-icon@2x.png in Resources */ = {isa = PBXBuildFile; fileRef = 3E51D6D11593E04F00EEBD36 /* music-icon@2x.png */; };
		3E51D7081593E04F00EEBD36 /* music-section-divider.png in Resources */ = {isa = PBXBuildFile; fileRef = 3E51D6D21593E04F00EEBD36 /* music-section-divider.png */; };
		3E51D7091593E04F00EEBD36 /* music-section-divider@2x.png in Resources */ = {isa = PBXBuildFile; fileRef = 3E51D6D31593E04F00EEBD36 /* music-section-divider@2x.png */; };
		3E51D70A1593E04F00EEBD36 /* pelberg-rounded-corners.png in Resources */ = {isa = PBXBuildFile; fileRef = 3E51D6D41593E04F00EEBD36 /* pelberg-rounded-corners.png */; };
		3E51D70B1593E04F00EEBD36 /* places-icon-badge.png in Resources */ = {isa = PBXBuildFile; fileRef = 3E51D6D51593E04F00EEBD36 /* places-icon-badge.png */; };
		3E51D70C1593E04F00EEBD36 /* places-icon-badge@2px.png in Resources */ = {isa = PBXBuildFile; fileRef = 3E51D6D61593E04F00EEBD36 /* places-icon-badge@2px.png */; };
		3E51D70D1593E04F00EEBD36 /* places-icon.png in Resources */ = {isa = PBXBuildFile; fileRef = 3E51D6D71593E04F00EEBD36 /* places-icon.png */; };
		3E51D70E1593E04F00EEBD36 /* places-icon@2x.png in Resources */ = {isa = PBXBuildFile; fileRef = 3E51D6D81593E04F00EEBD36 /* places-icon@2x.png */; };
		3E51D70F1593E04F00EEBD36 /* places-section-divider.png in Resources */ = {isa = PBXBuildFile; fileRef = 3E51D6D91593E04F00EEBD36 /* places-section-divider.png */; };
		3E51D7101593E04F00EEBD36 /* places-section-divider@2x.png in Resources */ = {isa = PBXBuildFile; fileRef = 3E51D6DA1593E04F00EEBD36 /* places-section-divider@2x.png */; };
		3E51D7111593E04F00EEBD36 /* silver-greenberg-rounded-corners.png in Resources */ = {isa = PBXBuildFile; fileRef = 3E51D6DB1593E04F00EEBD36 /* silver-greenberg-rounded-corners.png */; };
		3E51D7121593E04F00EEBD36 /* spotify-icon.png in Resources */ = {isa = PBXBuildFile; fileRef = 3E51D6DC1593E04F00EEBD36 /* spotify-icon.png */; };
		3E51D7131593E04F00EEBD36 /* spotify-icon@2x.png in Resources */ = {isa = PBXBuildFile; fileRef = 3E51D6DD1593E04F00EEBD36 /* spotify-icon@2x.png */; };
		3E51D7141593E04F00EEBD36 /* todo-added-button.png in Resources */ = {isa = PBXBuildFile; fileRef = 3E51D6DE1593E04F00EEBD36 /* todo-added-button.png */; };
		3E51D7151593E04F00EEBD36 /* todo-added-button@2x.png in Resources */ = {isa = PBXBuildFile; fileRef = 3E51D6DF1593E04F00EEBD36 /* todo-added-button@2x.png */; };
		3E51D7161593E04F00EEBD36 /* todo-button.png in Resources */ = {isa = PBXBuildFile; fileRef = 3E51D6E01593E04F00EEBD36 /* todo-button.png */; };
		3E51D7171593E04F00EEBD36 /* todo-button@2x.png in Resources */ = {isa = PBXBuildFile; fileRef = 3E51D6E11593E04F00EEBD36 /* todo-button@2x.png */; };
		3E51D7181593E04F00EEBD36 /* videos-section-divider.png in Resources */ = {isa = PBXBuildFile; fileRef = 3E51D6E21593E04F00EEBD36 /* videos-section-divider.png */; };
		3E51D7191593E04F00EEBD36 /* videos-section-divider@2x.png in Resources */ = {isa = PBXBuildFile; fileRef = 3E51D6E31593E04F00EEBD36 /* videos-section-divider@2x.png */; };
		3E51D71A1593E04F00EEBD36 /* watch-view-titlebar.png in Resources */ = {isa = PBXBuildFile; fileRef = 3E51D6E41593E04F00EEBD36 /* watch-view-titlebar.png */; };
		3E51D71B1593E04F00EEBD36 /* watch-view-titlebar@2x.png in Resources */ = {isa = PBXBuildFile; fileRef = 3E51D6E51593E04F00EEBD36 /* watch-view-titlebar@2x.png */; };
		3E51D71C1593E04F00EEBD36 /* youtube-icon.png in Resources */ = {isa = PBXBuildFile; fileRef = 3E51D6E61593E04F00EEBD36 /* youtube-icon.png */; };
		3E51D71D1593E04F00EEBD36 /* youtube-icon@2x.png in Resources */ = {isa = PBXBuildFile; fileRef = 3E51D6E71593E04F00EEBD36 /* youtube-icon@2x.png */; };
		3E51D72B159429B000EEBD36 /* ExploreTableViewController.m in Sources */ = {isa = PBXBuildFile; fileRef = 3E51D72A159429B000EEBD36 /* ExploreTableViewController.m */; };
		3E9A5D491593C48500635873 /* AccountLinkViewController.m in Sources */ = {isa = PBXBuildFile; fileRef = 3E9A5D481593C48500635873 /* AccountLinkViewController.m */; };
		3E9A5D4D1593C66000635873 /* PiggybackTabBarController.m in Sources */ = {isa = PBXBuildFile; fileRef = 3E9A5D4C1593C66000635873 /* PiggybackTabBarController.m */; };
		3E9A5D541593C92D00635873 /* BZFoursquare.m in Sources */ = {isa = PBXBuildFile; fileRef = 3E9A5D511593C92D00635873 /* BZFoursquare.m */; settings = {COMPILER_FLAGS = "-fno-objc-arc"; }; };
		3E9A5D551593C92D00635873 /* BZFoursquareRequest.m in Sources */ = {isa = PBXBuildFile; fileRef = 3E9A5D531593C92D00635873 /* BZFoursquareRequest.m */; settings = {COMPILER_FLAGS = "-fno-objc-arc"; }; };
		3E9A5D571593C96E00635873 /* MobileCoreServices.framework in Frameworks */ = {isa = PBXBuildFile; fileRef = 3E9A5D561593C96E00635873 /* MobileCoreServices.framework */; };
		3E9F8F2A1594453A006526B4 /* ListenCell.m in Sources */ = {isa = PBXBuildFile; fileRef = 3E9F8F291594453A006526B4 /* ListenCell.m */; };
		3EE8DB0E1593BF9A009DCCA3 /* UIKit.framework in Frameworks */ = {isa = PBXBuildFile; fileRef = 3EE8DB0D1593BF9A009DCCA3 /* UIKit.framework */; };
		3EE8DB101593BF9A009DCCA3 /* Foundation.framework in Frameworks */ = {isa = PBXBuildFile; fileRef = 3EE8DB0F1593BF9A009DCCA3 /* Foundation.framework */; };
		3EE8DB121593BF9A009DCCA3 /* CoreGraphics.framework in Frameworks */ = {isa = PBXBuildFile; fileRef = 3EE8DB111593BF9A009DCCA3 /* CoreGraphics.framework */; };
		3EE8DB181593BF9A009DCCA3 /* InfoPlist.strings in Resources */ = {isa = PBXBuildFile; fileRef = 3EE8DB161593BF9A009DCCA3 /* InfoPlist.strings */; };
		3EE8DB1A1593BF9A009DCCA3 /* main.m in Sources */ = {isa = PBXBuildFile; fileRef = 3EE8DB191593BF9A009DCCA3 /* main.m */; };
		3EE8DB1E1593BF9A009DCCA3 /* AppDelegate.m in Sources */ = {isa = PBXBuildFile; fileRef = 3EE8DB1D1593BF9A009DCCA3 /* AppDelegate.m */; };
		3EE8DB211593BF9A009DCCA3 /* MainStoryboard.storyboard in Resources */ = {isa = PBXBuildFile; fileRef = 3EE8DB1F1593BF9A009DCCA3 /* MainStoryboard.storyboard */; };
		F930520C1593C53E00E9DA06 /* WatchTableCell.m in Sources */ = {isa = PBXBuildFile; fileRef = F930520B1593C53E00E9DA06 /* WatchTableCell.m */; };
		F930520F1593C7B100E9DA06 /* YouTubeTableViewController.m in Sources */ = {isa = PBXBuildFile; fileRef = F930520E1593C7B100E9DA06 /* YouTubeTableViewController.m */; };
		F93052121593C7FA00E9DA06 /* Constants.m in Sources */ = {isa = PBXBuildFile; fileRef = F93052111593C7FA00E9DA06 /* Constants.m */; };
		F9736E8715943BC3009DEB07 /* ExploreTableCell.m in Sources */ = {isa = PBXBuildFile; fileRef = F9736E8615943BC3009DEB07 /* ExploreTableCell.m */; };
		F9FE6E601593D0030031EC49 /* ListenNavigationController.m in Sources */ = {isa = PBXBuildFile; fileRef = F9FE6E5F1593D0030031EC49 /* ListenNavigationController.m */; };
		F9FE6E631593D0110031EC49 /* WatchNavigationController.m in Sources */ = {isa = PBXBuildFile; fileRef = F9FE6E621593D0110031EC49 /* WatchNavigationController.m */; };
		F9FE6E661593D0270031EC49 /* ExploreNavigationController.m in Sources */ = {isa = PBXBuildFile; fileRef = F9FE6E651593D0270031EC49 /* ExploreNavigationController.m */; };
/* End PBXBuildFile section */

/* Begin PBXContainerItemProxy section */
		3E31683A1593D8D000344F36 /* PBXContainerItemProxy */ = {
			isa = PBXContainerItemProxy;
			containerPortal = 3E3168311593D8CF00344F36 /* CocoaLibSpotify iOS Library.xcodeproj */;
			proxyType = 2;
			remoteGlobalIDString = 50AF49DC1439CBFE00E4A5EF;
			remoteInfo = CocoaLibSpotify;
		};
		3E31683C1593D8D000344F36 /* PBXContainerItemProxy */ = {
			isa = PBXContainerItemProxy;
			containerPortal = 3E3168311593D8CF00344F36 /* CocoaLibSpotify iOS Library.xcodeproj */;
			proxyType = 2;
			remoteGlobalIDString = 50D4F52B156BCDE800E237DD;
			remoteInfo = CocoaLSTests;
		};
/* End PBXContainerItemProxy section */

/* Begin PBXFileReference section */
		3E2FAA2C15943BC000142705 /* ListenTableViewController.h */ = {isa = PBXFileReference; fileEncoding = 4; lastKnownFileType = sourcecode.c.h; path = ListenTableViewController.h; sourceTree = "<group>"; };
		3E2FAA2D15943BC000142705 /* ListenTableViewController.m */ = {isa = PBXFileReference; fileEncoding = 4; lastKnownFileType = sourcecode.c.objc; path = ListenTableViewController.m; sourceTree = "<group>"; };
		3E3165321593D51700344F36 /* SystemConfiguration.framework */ = {isa = PBXFileReference; lastKnownFileType = wrapper.framework; name = SystemConfiguration.framework; path = System/Library/Frameworks/SystemConfiguration.framework; sourceTree = SDKROOT; };
		3E3165341593D51C00344F36 /* CFNetwork.framework */ = {isa = PBXFileReference; lastKnownFileType = wrapper.framework; name = CFNetwork.framework; path = System/Library/Frameworks/CFNetwork.framework; sourceTree = SDKROOT; };
		3E3165361593D52000344F36 /* libstdc++.dylib */ = {isa = PBXFileReference; lastKnownFileType = "compiled.mach-o.dylib"; name = "libstdc++.dylib"; path = "usr/lib/libstdc++.dylib"; sourceTree = SDKROOT; };
		3E3165381593D52400344F36 /* CoreAudio.framework */ = {isa = PBXFileReference; lastKnownFileType = wrapper.framework; name = CoreAudio.framework; path = System/Library/Frameworks/CoreAudio.framework; sourceTree = SDKROOT; };
		3E31653A1593D52900344F36 /* AudioToolbox.framework */ = {isa = PBXFileReference; lastKnownFileType = wrapper.framework; name = AudioToolbox.framework; path = System/Library/Frameworks/AudioToolbox.framework; sourceTree = SDKROOT; };
		3E31653C1593D52D00344F36 /* AVFoundation.framework */ = {isa = PBXFileReference; lastKnownFileType = wrapper.framework; name = AVFoundation.framework; path = System/Library/Frameworks/AVFoundation.framework; sourceTree = SDKROOT; };
		3E3168311593D8CF00344F36 /* CocoaLibSpotify iOS Library.xcodeproj */ = {isa = PBXFileReference; lastKnownFileType = "wrapper.pb-project"; name = "CocoaLibSpotify iOS Library.xcodeproj"; path = "spotify-ios-sdk/iOS Library/CocoaLibSpotify iOS Library.xcodeproj"; sourceTree = "<group>"; };
		3E51D6781593DF0000EEBD36 /* SPLoginResources.bundle */ = {isa = PBXFileReference; lastKnownFileType = "wrapper.plug-in"; name = SPLoginResources.bundle; path = "spotify-ios-sdk/SPLoginResources.bundle"; sourceTree = SOURCE_ROOT; };
		3E51D6B21593E04F00EEBD36 /* book-icon-badge.png */ = {isa = PBXFileReference; lastKnownFileType = image.png; path = "book-icon-badge.png"; sourceTree = "<group>"; };
		3E51D6B31593E04F00EEBD36 /* book-icon-badge@2x.png */ = {isa = PBXFileReference; lastKnownFileType = image.png; path = "book-icon-badge@2x.png"; sourceTree = "<group>"; };
		3E51D6B41593E04F00EEBD36 /* book-icon.png */ = {isa = PBXFileReference; lastKnownFileType = image.png; path = "book-icon.png"; sourceTree = "<group>"; };
		3E51D6B51593E04F00EEBD36 /* book-icon@2x.png */ = {isa = PBXFileReference; lastKnownFileType = image.png; path = "book-icon@2x.png"; sourceTree = "<group>"; };
		3E51D6B61593E04F00EEBD36 /* continue-button.png */ = {isa = PBXFileReference; lastKnownFileType = image.png; path = "continue-button.png"; sourceTree = "<group>"; };
		3E51D6B71593E04F00EEBD36 /* continue-button@2x.png */ = {isa = PBXFileReference; lastKnownFileType = image.png; path = "continue-button@2x.png"; sourceTree = "<group>"; };
		3E51D6B81593E04F00EEBD36 /* explore-view-titlebar.png */ = {isa = PBXFileReference; lastKnownFileType = image.png; path = "explore-view-titlebar.png"; sourceTree = "<group>"; };
		3E51D6B91593E04F00EEBD36 /* explore-view-titlebar@2x.png */ = {isa = PBXFileReference; lastKnownFileType = image.png; path = "explore-view-titlebar@2x.png"; sourceTree = "<group>"; };
		3E51D6BA1593E04F00EEBD36 /* foursquare-icon.png */ = {isa = PBXFileReference; lastKnownFileType = image.png; path = "foursquare-icon.png"; sourceTree = "<group>"; };
		3E51D6BB1593E04F00EEBD36 /* foursquare-icon@2x.png */ = {isa = PBXFileReference; lastKnownFileType = image.png; path = "foursquare-icon@2x.png"; sourceTree = "<group>"; };
		3E51D6BC1593E04F00EEBD36 /* gao-rounded-corners.png */ = {isa = PBXFileReference; lastKnownFileType = image.png; path = "gao-rounded-corners.png"; sourceTree = "<group>"; };
		3E51D6BD1593E04F00EEBD36 /* harrison-rounded-corners.png */ = {isa = PBXFileReference; lastKnownFileType = image.png; path = "harrison-rounded-corners.png"; sourceTree = "<group>"; };
		3E51D6BE1593E04F00EEBD36 /* heart-button.png */ = {isa = PBXFileReference; lastKnownFileType = image.png; path = "heart-button.png"; sourceTree = "<group>"; };
		3E51D6BF1593E04F00EEBD36 /* heart-button@2x.png */ = {isa = PBXFileReference; lastKnownFileType = image.png; path = "heart-button@2x.png"; sourceTree = "<group>"; };
		3E51D6C01593E04F00EEBD36 /* heart-pressed-button.png */ = {isa = PBXFileReference; lastKnownFileType = image.png; path = "heart-pressed-button.png"; sourceTree = "<group>"; };
		3E51D6C11593E04F00EEBD36 /* heart-pressed-button@2x.png */ = {isa = PBXFileReference; lastKnownFileType = image.png; path = "heart-pressed-button@2x.png"; sourceTree = "<group>"; };
		3E51D6C21593E04F00EEBD36 /* hsiao-rounded-corners.png */ = {isa = PBXFileReference; lastKnownFileType = image.png; path = "hsiao-rounded-corners.png"; sourceTree = "<group>"; };
		3E51D6C31593E04F00EEBD36 /* jiang-rounded-corners.png */ = {isa = PBXFileReference; lastKnownFileType = image.png; path = "jiang-rounded-corners.png"; sourceTree = "<group>"; };
		3E51D6C41593E04F00EEBD36 /* link-view-title-bar.png */ = {isa = PBXFileReference; lastKnownFileType = image.png; path = "link-view-title-bar.png"; sourceTree = "<group>"; };
		3E51D6C51593E04F00EEBD36 /* link-view-title-bar@2x.png */ = {isa = PBXFileReference; lastKnownFileType = image.png; path = "link-view-title-bar@2x.png"; sourceTree = "<group>"; };
		3E51D6C61593E04F00EEBD36 /* link-view-titlebar-drop-shadow.png */ = {isa = PBXFileReference; lastKnownFileType = image.png; path = "link-view-titlebar-drop-shadow.png"; sourceTree = "<group>"; };
		3E51D6C71593E04F00EEBD36 /* link-view-titlebar-drop-shadow@2x.png */ = {isa = PBXFileReference; lastKnownFileType = image.png; path = "link-view-titlebar-drop-shadow@2x.png"; sourceTree = "<group>"; };
		3E51D6C81593E04F00EEBD36 /* listen-view-titlebar.png */ = {isa = PBXFileReference; lastKnownFileType = image.png; path = "listen-view-titlebar.png"; sourceTree = "<group>"; };
		3E51D6C91593E04F00EEBD36 /* listen-view-titlebar@2x.png */ = {isa = PBXFileReference; lastKnownFileType = image.png; path = "listen-view-titlebar@2x.png"; sourceTree = "<group>"; };
		3E51D6CA1593E04F00EEBD36 /* movie-icon-badge.png */ = {isa = PBXFileReference; lastKnownFileType = image.png; path = "movie-icon-badge.png"; sourceTree = "<group>"; };
		3E51D6CB1593E04F00EEBD36 /* movie-icon-badge@2x.png */ = {isa = PBXFileReference; lastKnownFileType = image.png; path = "movie-icon-badge@2x.png"; sourceTree = "<group>"; };
		3E51D6CC1593E04F00EEBD36 /* movie-icon.png */ = {isa = PBXFileReference; lastKnownFileType = image.png; path = "movie-icon.png"; sourceTree = "<group>"; };
		3E51D6CD1593E04F00EEBD36 /* movie-icon@2x.png */ = {isa = PBXFileReference; lastKnownFileType = image.png; path = "movie-icon@2x.png"; sourceTree = "<group>"; };
		3E51D6CE1593E04F00EEBD36 /* music-icon-badge.png */ = {isa = PBXFileReference; lastKnownFileType = image.png; path = "music-icon-badge.png"; sourceTree = "<group>"; };
		3E51D6CF1593E04F00EEBD36 /* music-icon-badge@2x.png */ = {isa = PBXFileReference; lastKnownFileType = image.png; path = "music-icon-badge@2x.png"; sourceTree = "<group>"; };
		3E51D6D01593E04F00EEBD36 /* music-icon.png */ = {isa = PBXFileReference; lastKnownFileType = image.png; path = "music-icon.png"; sourceTree = "<group>"; };
		3E51D6D11593E04F00EEBD36 /* music-icon@2x.png */ = {isa = PBXFileReference; lastKnownFileType = image.png; path = "music-icon@2x.png"; sourceTree = "<group>"; };
		3E51D6D21593E04F00EEBD36 /* music-section-divider.png */ = {isa = PBXFileReference; lastKnownFileType = image.png; path = "music-section-divider.png"; sourceTree = "<group>"; };
		3E51D6D31593E04F00EEBD36 /* music-section-divider@2x.png */ = {isa = PBXFileReference; lastKnownFileType = image.png; path = "music-section-divider@2x.png"; sourceTree = "<group>"; };
		3E51D6D41593E04F00EEBD36 /* pelberg-rounded-corners.png */ = {isa = PBXFileReference; lastKnownFileType = image.png; path = "pelberg-rounded-corners.png"; sourceTree = "<group>"; };
		3E51D6D51593E04F00EEBD36 /* places-icon-badge.png */ = {isa = PBXFileReference; lastKnownFileType = image.png; path = "places-icon-badge.png"; sourceTree = "<group>"; };
		3E51D6D61593E04F00EEBD36 /* places-icon-badge@2px.png */ = {isa = PBXFileReference; lastKnownFileType = image.png; path = "places-icon-badge@2px.png"; sourceTree = "<group>"; };
		3E51D6D71593E04F00EEBD36 /* places-icon.png */ = {isa = PBXFileReference; lastKnownFileType = image.png; path = "places-icon.png"; sourceTree = "<group>"; };
		3E51D6D81593E04F00EEBD36 /* places-icon@2x.png */ = {isa = PBXFileReference; lastKnownFileType = image.png; path = "places-icon@2x.png"; sourceTree = "<group>"; };
		3E51D6D91593E04F00EEBD36 /* places-section-divider.png */ = {isa = PBXFileReference; lastKnownFileType = image.png; path = "places-section-divider.png"; sourceTree = "<group>"; };
		3E51D6DA1593E04F00EEBD36 /* places-section-divider@2x.png */ = {isa = PBXFileReference; lastKnownFileType = image.png; path = "places-section-divider@2x.png"; sourceTree = "<group>"; };
		3E51D6DB1593E04F00EEBD36 /* silver-greenberg-rounded-corners.png */ = {isa = PBXFileReference; lastKnownFileType = image.png; path = "silver-greenberg-rounded-corners.png"; sourceTree = "<group>"; };
		3E51D6DC1593E04F00EEBD36 /* spotify-icon.png */ = {isa = PBXFileReference; lastKnownFileType = image.png; path = "spotify-icon.png"; sourceTree = "<group>"; };
		3E51D6DD1593E04F00EEBD36 /* spotify-icon@2x.png */ = {isa = PBXFileReference; lastKnownFileType = image.png; path = "spotify-icon@2x.png"; sourceTree = "<group>"; };
		3E51D6DE1593E04F00EEBD36 /* todo-added-button.png */ = {isa = PBXFileReference; lastKnownFileType = image.png; path = "todo-added-button.png"; sourceTree = "<group>"; };
		3E51D6DF1593E04F00EEBD36 /* todo-added-button@2x.png */ = {isa = PBXFileReference; lastKnownFileType = image.png; path = "todo-added-button@2x.png"; sourceTree = "<group>"; };
		3E51D6E01593E04F00EEBD36 /* todo-button.png */ = {isa = PBXFileReference; lastKnownFileType = image.png; path = "todo-button.png"; sourceTree = "<group>"; };
		3E51D6E11593E04F00EEBD36 /* todo-button@2x.png */ = {isa = PBXFileReference; lastKnownFileType = image.png; path = "todo-button@2x.png"; sourceTree = "<group>"; };
		3E51D6E21593E04F00EEBD36 /* videos-section-divider.png */ = {isa = PBXFileReference; lastKnownFileType = image.png; path = "videos-section-divider.png"; sourceTree = "<group>"; };
		3E51D6E31593E04F00EEBD36 /* videos-section-divider@2x.png */ = {isa = PBXFileReference; lastKnownFileType = image.png; path = "videos-section-divider@2x.png"; sourceTree = "<group>"; };
		3E51D6E41593E04F00EEBD36 /* watch-view-titlebar.png */ = {isa = PBXFileReference; lastKnownFileType = image.png; path = "watch-view-titlebar.png"; sourceTree = "<group>"; };
		3E51D6E51593E04F00EEBD36 /* watch-view-titlebar@2x.png */ = {isa = PBXFileReference; lastKnownFileType = image.png; path = "watch-view-titlebar@2x.png"; sourceTree = "<group>"; };
		3E51D6E61593E04F00EEBD36 /* youtube-icon.png */ = {isa = PBXFileReference; lastKnownFileType = image.png; path = "youtube-icon.png"; sourceTree = "<group>"; };
		3E51D6E71593E04F00EEBD36 /* youtube-icon@2x.png */ = {isa = PBXFileReference; lastKnownFileType = image.png; path = "youtube-icon@2x.png"; sourceTree = "<group>"; };
		3E51D729159429B000EEBD36 /* ExploreTableViewController.h */ = {isa = PBXFileReference; fileEncoding = 4; lastKnownFileType = sourcecode.c.h; path = ExploreTableViewController.h; sourceTree = "<group>"; };
		3E51D72A159429B000EEBD36 /* ExploreTableViewController.m */ = {isa = PBXFileReference; fileEncoding = 4; lastKnownFileType = sourcecode.c.objc; path = ExploreTableViewController.m; sourceTree = "<group>"; };
		3E9A5D471593C48500635873 /* AccountLinkViewController.h */ = {isa = PBXFileReference; fileEncoding = 4; lastKnownFileType = sourcecode.c.h; path = AccountLinkViewController.h; sourceTree = "<group>"; };
		3E9A5D481593C48500635873 /* AccountLinkViewController.m */ = {isa = PBXFileReference; fileEncoding = 4; lastKnownFileType = sourcecode.c.objc; path = AccountLinkViewController.m; sourceTree = "<group>"; };
		3E9A5D4B1593C66000635873 /* PiggybackTabBarController.h */ = {isa = PBXFileReference; fileEncoding = 4; lastKnownFileType = sourcecode.c.h; path = PiggybackTabBarController.h; sourceTree = "<group>"; };
		3E9A5D4C1593C66000635873 /* PiggybackTabBarController.m */ = {isa = PBXFileReference; fileEncoding = 4; lastKnownFileType = sourcecode.c.objc; path = PiggybackTabBarController.m; sourceTree = "<group>"; };
		3E9A5D501593C92D00635873 /* BZFoursquare.h */ = {isa = PBXFileReference; fileEncoding = 4; lastKnownFileType = sourcecode.c.h; path = BZFoursquare.h; sourceTree = "<group>"; };
		3E9A5D511593C92D00635873 /* BZFoursquare.m */ = {isa = PBXFileReference; fileEncoding = 4; lastKnownFileType = sourcecode.c.objc; path = BZFoursquare.m; sourceTree = "<group>"; };
		3E9A5D521593C92D00635873 /* BZFoursquareRequest.h */ = {isa = PBXFileReference; fileEncoding = 4; lastKnownFileType = sourcecode.c.h; path = BZFoursquareRequest.h; sourceTree = "<group>"; };
		3E9A5D531593C92D00635873 /* BZFoursquareRequest.m */ = {isa = PBXFileReference; fileEncoding = 4; lastKnownFileType = sourcecode.c.objc; path = BZFoursquareRequest.m; sourceTree = "<group>"; };
		3E9A5D561593C96E00635873 /* MobileCoreServices.framework */ = {isa = PBXFileReference; lastKnownFileType = wrapper.framework; name = MobileCoreServices.framework; path = System/Library/Frameworks/MobileCoreServices.framework; sourceTree = SDKROOT; };
		3E9F8F281594453A006526B4 /* ListenCell.h */ = {isa = PBXFileReference; fileEncoding = 4; lastKnownFileType = sourcecode.c.h; path = ListenCell.h; sourceTree = "<group>"; };
		3E9F8F291594453A006526B4 /* ListenCell.m */ = {isa = PBXFileReference; fileEncoding = 4; lastKnownFileType = sourcecode.c.objc; path = ListenCell.m; sourceTree = "<group>"; };
		3EE8DB091593BF9A009DCCA3 /* Piggybackv2.app */ = {isa = PBXFileReference; explicitFileType = wrapper.application; includeInIndex = 0; path = Piggybackv2.app; sourceTree = BUILT_PRODUCTS_DIR; };
		3EE8DB0D1593BF9A009DCCA3 /* UIKit.framework */ = {isa = PBXFileReference; lastKnownFileType = wrapper.framework; name = UIKit.framework; path = System/Library/Frameworks/UIKit.framework; sourceTree = SDKROOT; };
		3EE8DB0F1593BF9A009DCCA3 /* Foundation.framework */ = {isa = PBXFileReference; lastKnownFileType = wrapper.framework; name = Foundation.framework; path = System/Library/Frameworks/Foundation.framework; sourceTree = SDKROOT; };
		3EE8DB111593BF9A009DCCA3 /* CoreGraphics.framework */ = {isa = PBXFileReference; lastKnownFileType = wrapper.framework; name = CoreGraphics.framework; path = System/Library/Frameworks/CoreGraphics.framework; sourceTree = SDKROOT; };
		3EE8DB151593BF9A009DCCA3 /* Piggybackv2-Info.plist */ = {isa = PBXFileReference; lastKnownFileType = text.plist.xml; path = "Piggybackv2-Info.plist"; sourceTree = "<group>"; };
		3EE8DB171593BF9A009DCCA3 /* en */ = {isa = PBXFileReference; lastKnownFileType = text.plist.strings; name = en; path = en.lproj/InfoPlist.strings; sourceTree = "<group>"; };
		3EE8DB191593BF9A009DCCA3 /* main.m */ = {isa = PBXFileReference; lastKnownFileType = sourcecode.c.objc; path = main.m; sourceTree = "<group>"; };
		3EE8DB1B1593BF9A009DCCA3 /* Piggybackv2-Prefix.pch */ = {isa = PBXFileReference; lastKnownFileType = sourcecode.c.h; path = "Piggybackv2-Prefix.pch"; sourceTree = "<group>"; };
		3EE8DB1C1593BF9A009DCCA3 /* AppDelegate.h */ = {isa = PBXFileReference; lastKnownFileType = sourcecode.c.h; path = AppDelegate.h; sourceTree = "<group>"; };
		3EE8DB1D1593BF9A009DCCA3 /* AppDelegate.m */ = {isa = PBXFileReference; lastKnownFileType = sourcecode.c.objc; path = AppDelegate.m; sourceTree = "<group>"; };
		3EE8DB201593BF9A009DCCA3 /* en */ = {isa = PBXFileReference; lastKnownFileType = file.storyboard; name = en; path = en.lproj/MainStoryboard.storyboard; sourceTree = "<group>"; };
		F930520A1593C53E00E9DA06 /* WatchTableCell.h */ = {isa = PBXFileReference; fileEncoding = 4; lastKnownFileType = sourcecode.c.h; path = WatchTableCell.h; sourceTree = "<group>"; };
		F930520B1593C53E00E9DA06 /* WatchTableCell.m */ = {isa = PBXFileReference; fileEncoding = 4; lastKnownFileType = sourcecode.c.objc; path = WatchTableCell.m; sourceTree = "<group>"; };
		F930520D1593C7B100E9DA06 /* YouTubeTableViewController.h */ = {isa = PBXFileReference; fileEncoding = 4; lastKnownFileType = sourcecode.c.h; path = YouTubeTableViewController.h; sourceTree = "<group>"; };
		F930520E1593C7B100E9DA06 /* YouTubeTableViewController.m */ = {isa = PBXFileReference; fileEncoding = 4; lastKnownFileType = sourcecode.c.objc; path = YouTubeTableViewController.m; sourceTree = "<group>"; };
		F93052101593C7FA00E9DA06 /* Constants.h */ = {isa = PBXFileReference; fileEncoding = 4; lastKnownFileType = sourcecode.c.h; path = Constants.h; sourceTree = "<group>"; };
		F93052111593C7FA00E9DA06 /* Constants.m */ = {isa = PBXFileReference; fileEncoding = 4; lastKnownFileType = sourcecode.c.objc; path = Constants.m; sourceTree = "<group>"; };
		F9736E8515943BC3009DEB07 /* ExploreTableCell.h */ = {isa = PBXFileReference; fileEncoding = 4; lastKnownFileType = sourcecode.c.h; path = ExploreTableCell.h; sourceTree = "<group>"; };
		F9736E8615943BC3009DEB07 /* ExploreTableCell.m */ = {isa = PBXFileReference; fileEncoding = 4; lastKnownFileType = sourcecode.c.objc; path = ExploreTableCell.m; sourceTree = "<group>"; };
		F9FE6E5E1593D0030031EC49 /* ListenNavigationController.h */ = {isa = PBXFileReference; fileEncoding = 4; lastKnownFileType = sourcecode.c.h; path = ListenNavigationController.h; sourceTree = "<group>"; };
		F9FE6E5F1593D0030031EC49 /* ListenNavigationController.m */ = {isa = PBXFileReference; fileEncoding = 4; lastKnownFileType = sourcecode.c.objc; path = ListenNavigationController.m; sourceTree = "<group>"; };
		F9FE6E611593D0110031EC49 /* WatchNavigationController.h */ = {isa = PBXFileReference; fileEncoding = 4; lastKnownFileType = sourcecode.c.h; path = WatchNavigationController.h; sourceTree = "<group>"; };
		F9FE6E621593D0110031EC49 /* WatchNavigationController.m */ = {isa = PBXFileReference; fileEncoding = 4; lastKnownFileType = sourcecode.c.objc; path = WatchNavigationController.m; sourceTree = "<group>"; };
		F9FE6E641593D0270031EC49 /* ExploreNavigationController.h */ = {isa = PBXFileReference; fileEncoding = 4; lastKnownFileType = sourcecode.c.h; path = ExploreNavigationController.h; sourceTree = "<group>"; };
		F9FE6E651593D0270031EC49 /* ExploreNavigationController.m */ = {isa = PBXFileReference; fileEncoding = 4; lastKnownFileType = sourcecode.c.objc; path = ExploreNavigationController.m; sourceTree = "<group>"; };
/* End PBXFileReference section */

/* Begin PBXFrameworksBuildPhase section */
		3EE8DB061593BF9A009DCCA3 /* Frameworks */ = {
			isa = PBXFrameworksBuildPhase;
			buildActionMask = 2147483647;
			files = (
				3E3168401593D8D700344F36 /* libCocoaLibSpotify.a in Frameworks */,
				3E31653D1593D52D00344F36 /* AVFoundation.framework in Frameworks */,
				3E31653B1593D52900344F36 /* AudioToolbox.framework in Frameworks */,
				3E3165391593D52400344F36 /* CoreAudio.framework in Frameworks */,
				3E3165371593D52000344F36 /* libstdc++.dylib in Frameworks */,
				3E3165351593D51C00344F36 /* CFNetwork.framework in Frameworks */,
				3E3165331593D51700344F36 /* SystemConfiguration.framework in Frameworks */,
				3E9A5D571593C96E00635873 /* MobileCoreServices.framework in Frameworks */,
				3EE8DB0E1593BF9A009DCCA3 /* UIKit.framework in Frameworks */,
				3EE8DB101593BF9A009DCCA3 /* Foundation.framework in Frameworks */,
				3EE8DB121593BF9A009DCCA3 /* CoreGraphics.framework in Frameworks */,
			);
			runOnlyForDeploymentPostprocessing = 0;
		};
/* End PBXFrameworksBuildPhase section */

/* Begin PBXGroup section */
		3E3168321593D8CF00344F36 /* Products */ = {
			isa = PBXGroup;
			children = (
				3E31683B1593D8D000344F36 /* libCocoaLibSpotify.a */,
				3E31683D1593D8D000344F36 /* CocoaLSTests.app */,
			);
			name = Products;
			sourceTree = "<group>";
		};
		3E9A5D4E1593C8E000635873 /* Libraries */ = {
			isa = PBXGroup;
			children = (
				3E3168311593D8CF00344F36 /* CocoaLibSpotify iOS Library.xcodeproj */,
				3E9A5D4F1593C92D00635873 /* BZFoursquare */,
			);
			name = Libraries;
			sourceTree = "<group>";
		};
		3E9A5D4F1593C92D00635873 /* BZFoursquare */ = {
			isa = PBXGroup;
			children = (
				3E9A5D501593C92D00635873 /* BZFoursquare.h */,
				3E9A5D511593C92D00635873 /* BZFoursquare.m */,
				3E9A5D521593C92D00635873 /* BZFoursquareRequest.h */,
				3E9A5D531593C92D00635873 /* BZFoursquareRequest.m */,
			);
			path = BZFoursquare;
			sourceTree = "<group>";
		};
		3EE8DAFE1593BF9A009DCCA3 = {
			isa = PBXGroup;
			children = (
				3EE8DB131593BF9A009DCCA3 /* Piggybackv2 */,
				F9B478711593C16F00C20A53 /* Resources */,
				3E9A5D4E1593C8E000635873 /* Libraries */,
				3EE8DB0C1593BF9A009DCCA3 /* Frameworks */,
				3EE8DB0A1593BF9A009DCCA3 /* Products */,
			);
			sourceTree = "<group>";
		};
		3EE8DB0A1593BF9A009DCCA3 /* Products */ = {
			isa = PBXGroup;
			children = (
				3EE8DB091593BF9A009DCCA3 /* Piggybackv2.app */,
			);
			name = Products;
			sourceTree = "<group>";
		};
		3EE8DB0C1593BF9A009DCCA3 /* Frameworks */ = {
			isa = PBXGroup;
			children = (
				3E31653C1593D52D00344F36 /* AVFoundation.framework */,
				3E31653A1593D52900344F36 /* AudioToolbox.framework */,
				3E3165381593D52400344F36 /* CoreAudio.framework */,
				3E3165361593D52000344F36 /* libstdc++.dylib */,
				3E3165341593D51C00344F36 /* CFNetwork.framework */,
				3E3165321593D51700344F36 /* SystemConfiguration.framework */,
				3E9A5D561593C96E00635873 /* MobileCoreServices.framework */,
				3EE8DB0D1593BF9A009DCCA3 /* UIKit.framework */,
				3EE8DB0F1593BF9A009DCCA3 /* Foundation.framework */,
				3EE8DB111593BF9A009DCCA3 /* CoreGraphics.framework */,
			);
			name = Frameworks;
			sourceTree = "<group>";
		};
		3EE8DB131593BF9A009DCCA3 /* Piggybackv2 */ = {
			isa = PBXGroup;
			children = (
				3EE8DB1F1593BF9A009DCCA3 /* MainStoryboard.storyboard */,
				3EE8DB1C1593BF9A009DCCA3 /* AppDelegate.h */,
				3EE8DB1D1593BF9A009DCCA3 /* AppDelegate.m */,
				3E2FAA2C15943BC000142705 /* ListenTableViewController.h */,
				3E2FAA2D15943BC000142705 /* ListenTableViewController.m */,
				3E51D729159429B000EEBD36 /* ExploreTableViewController.h */,
				3E51D72A159429B000EEBD36 /* ExploreTableViewController.m */,
				F930520D1593C7B100E9DA06 /* YouTubeTableViewController.h */,
				F930520E1593C7B100E9DA06 /* YouTubeTableViewController.m */,
				3E9A5D4B1593C66000635873 /* PiggybackTabBarController.h */,
				3E9A5D4C1593C66000635873 /* PiggybackTabBarController.m */,
				F9FE6E5E1593D0030031EC49 /* ListenNavigationController.h */,
				F9FE6E5F1593D0030031EC49 /* ListenNavigationController.m */,
				F9FE6E611593D0110031EC49 /* WatchNavigationController.h */,
				F9FE6E621593D0110031EC49 /* WatchNavigationController.m */,
				F9FE6E641593D0270031EC49 /* ExploreNavigationController.h */,
				F9FE6E651593D0270031EC49 /* ExploreNavigationController.m */,
				3E9A5D471593C48500635873 /* AccountLinkViewController.h */,
				3E9A5D481593C48500635873 /* AccountLinkViewController.m */,
				3EE8DB141593BF9A009DCCA3 /* Supporting Files */,
				F930520A1593C53E00E9DA06 /* YouTubeCell.h */,
				F930520B1593C53E00E9DA06 /* YouTubeCell.m */,
				3E9F8F281594453A006526B4 /* ListenCell.h */,
				3E9F8F291594453A006526B4 /* ListenCell.m */,
			);
			path = Piggybackv2;
			sourceTree = "<group>";
		};
		3EE8DB141593BF9A009DCCA3 /* Supporting Files */ = {
			isa = PBXGroup;
			children = (
				F93052101593C7FA00E9DA06 /* Constants.h */,
				F93052111593C7FA00E9DA06 /* Constants.m */,
				3EE8DB151593BF9A009DCCA3 /* Piggybackv2-Info.plist */,
				3EE8DB161593BF9A009DCCA3 /* InfoPlist.strings */,
				3EE8DB191593BF9A009DCCA3 /* main.m */,
				3EE8DB1B1593BF9A009DCCA3 /* Piggybackv2-Prefix.pch */,
				F930520A1593C53E00E9DA06 /* WatchTableCell.h */,
				F930520B1593C53E00E9DA06 /* WatchTableCell.m */,
				F9736E8515943BC3009DEB07 /* ExploreTableCell.h */,
				F9736E8615943BC3009DEB07 /* ExploreTableCell.m */,
			);
			name = "Supporting Files";
			sourceTree = "<group>";
		};
		F9B478711593C16F00C20A53 /* Resources */ = {
			isa = PBXGroup;
			children = (
				3E51D6B21593E04F00EEBD36 /* book-icon-badge.png */,
				3E51D6B31593E04F00EEBD36 /* book-icon-badge@2x.png */,
				3E51D6B41593E04F00EEBD36 /* book-icon.png */,
				3E51D6B51593E04F00EEBD36 /* book-icon@2x.png */,
				3E51D6B61593E04F00EEBD36 /* continue-button.png */,
				3E51D6B71593E04F00EEBD36 /* continue-button@2x.png */,
				3E51D6B81593E04F00EEBD36 /* explore-view-titlebar.png */,
				3E51D6B91593E04F00EEBD36 /* explore-view-titlebar@2x.png */,
				3E51D6BA1593E04F00EEBD36 /* foursquare-icon.png */,
				3E51D6BB1593E04F00EEBD36 /* foursquare-icon@2x.png */,
				3E51D6BC1593E04F00EEBD36 /* gao-rounded-corners.png */,
				3E51D6BD1593E04F00EEBD36 /* harrison-rounded-corners.png */,
				3E51D6BE1593E04F00EEBD36 /* heart-button.png */,
				3E51D6BF1593E04F00EEBD36 /* heart-button@2x.png */,
				3E51D6C01593E04F00EEBD36 /* heart-pressed-button.png */,
				3E51D6C11593E04F00EEBD36 /* heart-pressed-button@2x.png */,
				3E51D6C21593E04F00EEBD36 /* hsiao-rounded-corners.png */,
				3E51D6C31593E04F00EEBD36 /* jiang-rounded-corners.png */,
				3E51D6C41593E04F00EEBD36 /* link-view-title-bar.png */,
				3E51D6C51593E04F00EEBD36 /* link-view-title-bar@2x.png */,
				3E51D6C61593E04F00EEBD36 /* link-view-titlebar-drop-shadow.png */,
				3E51D6C71593E04F00EEBD36 /* link-view-titlebar-drop-shadow@2x.png */,
				3E51D6C81593E04F00EEBD36 /* listen-view-titlebar.png */,
				3E51D6C91593E04F00EEBD36 /* listen-view-titlebar@2x.png */,
				3E51D6CA1593E04F00EEBD36 /* movie-icon-badge.png */,
				3E51D6CB1593E04F00EEBD36 /* movie-icon-badge@2x.png */,
				3E51D6CC1593E04F00EEBD36 /* movie-icon.png */,
				3E51D6CD1593E04F00EEBD36 /* movie-icon@2x.png */,
				3E51D6CE1593E04F00EEBD36 /* music-icon-badge.png */,
				3E51D6CF1593E04F00EEBD36 /* music-icon-badge@2x.png */,
				3E51D6D01593E04F00EEBD36 /* music-icon.png */,
				3E51D6D11593E04F00EEBD36 /* music-icon@2x.png */,
				3E51D6D21593E04F00EEBD36 /* music-section-divider.png */,
				3E51D6D31593E04F00EEBD36 /* music-section-divider@2x.png */,
				3E51D6D41593E04F00EEBD36 /* pelberg-rounded-corners.png */,
				3E51D6D51593E04F00EEBD36 /* places-icon-badge.png */,
				3E51D6D61593E04F00EEBD36 /* places-icon-badge@2px.png */,
				3E51D6D71593E04F00EEBD36 /* places-icon.png */,
				3E51D6D81593E04F00EEBD36 /* places-icon@2x.png */,
				3E51D6D91593E04F00EEBD36 /* places-section-divider.png */,
				3E51D6DA1593E04F00EEBD36 /* places-section-divider@2x.png */,
				3E51D6DB1593E04F00EEBD36 /* silver-greenberg-rounded-corners.png */,
				3E51D6DC1593E04F00EEBD36 /* spotify-icon.png */,
				3E51D6DD1593E04F00EEBD36 /* spotify-icon@2x.png */,
				3E51D6DE1593E04F00EEBD36 /* todo-added-button.png */,
				3E51D6DF1593E04F00EEBD36 /* todo-added-button@2x.png */,
				3E51D6E01593E04F00EEBD36 /* todo-button.png */,
				3E51D6E11593E04F00EEBD36 /* todo-button@2x.png */,
				3E51D6E21593E04F00EEBD36 /* videos-section-divider.png */,
				3E51D6E31593E04F00EEBD36 /* videos-section-divider@2x.png */,
				3E51D6E41593E04F00EEBD36 /* watch-view-titlebar.png */,
				3E51D6E51593E04F00EEBD36 /* watch-view-titlebar@2x.png */,
				3E51D6E61593E04F00EEBD36 /* youtube-icon.png */,
				3E51D6E71593E04F00EEBD36 /* youtube-icon@2x.png */,
				3E51D6781593DF0000EEBD36 /* SPLoginResources.bundle */,
			);
			name = Resources;
			path = Piggybackv2;
			sourceTree = "<group>";
		};
/* End PBXGroup section */

/* Begin PBXNativeTarget section */
		3EE8DB081593BF9A009DCCA3 /* Piggybackv2 */ = {
			isa = PBXNativeTarget;
			buildConfigurationList = 3EE8DB271593BF9A009DCCA3 /* Build configuration list for PBXNativeTarget "Piggybackv2" */;
			buildPhases = (
				3EE8DB051593BF9A009DCCA3 /* Sources */,
				3EE8DB061593BF9A009DCCA3 /* Frameworks */,
				3EE8DB071593BF9A009DCCA3 /* Resources */,
			);
			buildRules = (
			);
			dependencies = (
			);
			name = Piggybackv2;
			productName = Piggybackv2;
			productReference = 3EE8DB091593BF9A009DCCA3 /* Piggybackv2.app */;
			productType = "com.apple.product-type.application";
		};
/* End PBXNativeTarget section */

/* Begin PBXProject section */
		3EE8DB001593BF9A009DCCA3 /* Project object */ = {
			isa = PBXProject;
			attributes = {
				LastUpgradeCheck = 0430;
				ORGANIZATIONNAME = Calimucho;
			};
			buildConfigurationList = 3EE8DB031593BF9A009DCCA3 /* Build configuration list for PBXProject "Piggybackv2" */;
			compatibilityVersion = "Xcode 3.2";
			developmentRegion = English;
			hasScannedForEncodings = 0;
			knownRegions = (
				en,
				English,
			);
			mainGroup = 3EE8DAFE1593BF9A009DCCA3;
			productRefGroup = 3EE8DB0A1593BF9A009DCCA3 /* Products */;
			projectDirPath = "";
			projectReferences = (
				{
					ProductGroup = 3E3168321593D8CF00344F36 /* Products */;
					ProjectRef = 3E3168311593D8CF00344F36 /* CocoaLibSpotify iOS Library.xcodeproj */;
				},
			);
			projectRoot = "";
			targets = (
				3EE8DB081593BF9A009DCCA3 /* Piggybackv2 */,
			);
		};
/* End PBXProject section */

/* Begin PBXReferenceProxy section */
		3E31683B1593D8D000344F36 /* libCocoaLibSpotify.a */ = {
			isa = PBXReferenceProxy;
			fileType = archive.ar;
			path = libCocoaLibSpotify.a;
			remoteRef = 3E31683A1593D8D000344F36 /* PBXContainerItemProxy */;
			sourceTree = BUILT_PRODUCTS_DIR;
		};
		3E31683D1593D8D000344F36 /* CocoaLSTests.app */ = {
			isa = PBXReferenceProxy;
			fileType = wrapper.application;
			path = CocoaLSTests.app;
			remoteRef = 3E31683C1593D8D000344F36 /* PBXContainerItemProxy */;
			sourceTree = BUILT_PRODUCTS_DIR;
		};
/* End PBXReferenceProxy section */

/* Begin PBXResourcesBuildPhase section */
		3EE8DB071593BF9A009DCCA3 /* Resources */ = {
			isa = PBXResourcesBuildPhase;
			buildActionMask = 2147483647;
			files = (
				3EE8DB181593BF9A009DCCA3 /* InfoPlist.strings in Resources */,
				3EE8DB211593BF9A009DCCA3 /* MainStoryboard.storyboard in Resources */,
				3E51D6791593DF0000EEBD36 /* SPLoginResources.bundle in Resources */,
				3E51D6E81593E04F00EEBD36 /* book-icon-badge.png in Resources */,
				3E51D6E91593E04F00EEBD36 /* book-icon-badge@2x.png in Resources */,
				3E51D6EA1593E04F00EEBD36 /* book-icon.png in Resources */,
				3E51D6EB1593E04F00EEBD36 /* book-icon@2x.png in Resources */,
				3E51D6EC1593E04F00EEBD36 /* continue-button.png in Resources */,
				3E51D6ED1593E04F00EEBD36 /* continue-button@2x.png in Resources */,
				3E51D6EE1593E04F00EEBD36 /* explore-view-titlebar.png in Resources */,
				3E51D6EF1593E04F00EEBD36 /* explore-view-titlebar@2x.png in Resources */,
				3E51D6F01593E04F00EEBD36 /* foursquare-icon.png in Resources */,
				3E51D6F11593E04F00EEBD36 /* foursquare-icon@2x.png in Resources */,
				3E51D6F21593E04F00EEBD36 /* gao-rounded-corners.png in Resources */,
				3E51D6F31593E04F00EEBD36 /* harrison-rounded-corners.png in Resources */,
				3E51D6F41593E04F00EEBD36 /* heart-button.png in Resources */,
				3E51D6F51593E04F00EEBD36 /* heart-button@2x.png in Resources */,
				3E51D6F61593E04F00EEBD36 /* heart-pressed-button.png in Resources */,
				3E51D6F71593E04F00EEBD36 /* heart-pressed-button@2x.png in Resources */,
				3E51D6F81593E04F00EEBD36 /* hsiao-rounded-corners.png in Resources */,
				3E51D6F91593E04F00EEBD36 /* jiang-rounded-corners.png in Resources */,
				3E51D6FA1593E04F00EEBD36 /* link-view-title-bar.png in Resources */,
				3E51D6FB1593E04F00EEBD36 /* link-view-title-bar@2x.png in Resources */,
				3E51D6FC1593E04F00EEBD36 /* link-view-titlebar-drop-shadow.png in Resources */,
				3E51D6FD1593E04F00EEBD36 /* link-view-titlebar-drop-shadow@2x.png in Resources */,
				3E51D6FE1593E04F00EEBD36 /* listen-view-titlebar.png in Resources */,
				3E51D6FF1593E04F00EEBD36 /* listen-view-titlebar@2x.png in Resources */,
				3E51D7001593E04F00EEBD36 /* movie-icon-badge.png in Resources */,
				3E51D7011593E04F00EEBD36 /* movie-icon-badge@2x.png in Resources */,
				3E51D7021593E04F00EEBD36 /* movie-icon.png in Resources */,
				3E51D7031593E04F00EEBD36 /* movie-icon@2x.png in Resources */,
				3E51D7041593E04F00EEBD36 /* music-icon-badge.png in Resources */,
				3E51D7051593E04F00EEBD36 /* music-icon-badge@2x.png in Resources */,
				3E51D7061593E04F00EEBD36 /* music-icon.png in Resources */,
				3E51D7071593E04F00EEBD36 /* music-icon@2x.png in Resources */,
				3E51D7081593E04F00EEBD36 /* music-section-divider.png in Resources */,
				3E51D7091593E04F00EEBD36 /* music-section-divider@2x.png in Resources */,
				3E51D70A1593E04F00EEBD36 /* pelberg-rounded-corners.png in Resources */,
				3E51D70B1593E04F00EEBD36 /* places-icon-badge.png in Resources */,
				3E51D70C1593E04F00EEBD36 /* places-icon-badge@2px.png in Resources */,
				3E51D70D1593E04F00EEBD36 /* places-icon.png in Resources */,
				3E51D70E1593E04F00EEBD36 /* places-icon@2x.png in Resources */,
				3E51D70F1593E04F00EEBD36 /* places-section-divider.png in Resources */,
				3E51D7101593E04F00EEBD36 /* places-section-divider@2x.png in Resources */,
				3E51D7111593E04F00EEBD36 /* silver-greenberg-rounded-corners.png in Resources */,
				3E51D7121593E04F00EEBD36 /* spotify-icon.png in Resources */,
				3E51D7131593E04F00EEBD36 /* spotify-icon@2x.png in Resources */,
				3E51D7141593E04F00EEBD36 /* todo-added-button.png in Resources */,
				3E51D7151593E04F00EEBD36 /* todo-added-button@2x.png in Resources */,
				3E51D7161593E04F00EEBD36 /* todo-button.png in Resources */,
				3E51D7171593E04F00EEBD36 /* todo-button@2x.png in Resources */,
				3E51D7181593E04F00EEBD36 /* videos-section-divider.png in Resources */,
				3E51D7191593E04F00EEBD36 /* videos-section-divider@2x.png in Resources */,
				3E51D71A1593E04F00EEBD36 /* watch-view-titlebar.png in Resources */,
				3E51D71B1593E04F00EEBD36 /* watch-view-titlebar@2x.png in Resources */,
				3E51D71C1593E04F00EEBD36 /* youtube-icon.png in Resources */,
				3E51D71D1593E04F00EEBD36 /* youtube-icon@2x.png in Resources */,
			);
			runOnlyForDeploymentPostprocessing = 0;
		};
/* End PBXResourcesBuildPhase section */

/* Begin PBXSourcesBuildPhase section */
		3EE8DB051593BF9A009DCCA3 /* Sources */ = {
			isa = PBXSourcesBuildPhase;
			buildActionMask = 2147483647;
			files = (
				3EE8DB1A1593BF9A009DCCA3 /* main.m in Sources */,
				3EE8DB1E1593BF9A009DCCA3 /* AppDelegate.m in Sources */,
				F930520C1593C53E00E9DA06 /* WatchTableCell.m in Sources */,
				F930520F1593C7B100E9DA06 /* YouTubeTableViewController.m in Sources */,
				F93052121593C7FA00E9DA06 /* Constants.m in Sources */,
				3E9A5D491593C48500635873 /* AccountLinkViewController.m in Sources */,
				3E9A5D4D1593C66000635873 /* PiggybackTabBarController.m in Sources */,
				3E9A5D541593C92D00635873 /* BZFoursquare.m in Sources */,
				3E9A5D551593C92D00635873 /* BZFoursquareRequest.m in Sources */,
				F9FE6E601593D0030031EC49 /* ListenNavigationController.m in Sources */,
				F9FE6E631593D0110031EC49 /* WatchNavigationController.m in Sources */,
				F9FE6E661593D0270031EC49 /* ExploreNavigationController.m in Sources */,
				3E51D72B159429B000EEBD36 /* ExploreTableViewController.m in Sources */,
				3E2FAA2E15943BC000142705 /* ListenTableViewController.m in Sources */,
				3E9F8F2A1594453A006526B4 /* ListenCell.m in Sources */,
			);
			runOnlyForDeploymentPostprocessing = 0;
		};
/* End PBXSourcesBuildPhase section */

/* Begin PBXVariantGroup section */
		3EE8DB161593BF9A009DCCA3 /* InfoPlist.strings */ = {
			isa = PBXVariantGroup;
			children = (
				3EE8DB171593BF9A009DCCA3 /* en */,
			);
			name = InfoPlist.strings;
			sourceTree = "<group>";
		};
		3EE8DB1F1593BF9A009DCCA3 /* MainStoryboard.storyboard */ = {
			isa = PBXVariantGroup;
			children = (
				3EE8DB201593BF9A009DCCA3 /* en */,
			);
			name = MainStoryboard.storyboard;
			sourceTree = "<group>";
		};
/* End PBXVariantGroup section */

/* Begin XCBuildConfiguration section */
		3EE8DB251593BF9A009DCCA3 /* Debug */ = {
			isa = XCBuildConfiguration;
			buildSettings = {
				ALWAYS_SEARCH_USER_PATHS = NO;
				ARCHS = "$(ARCHS_STANDARD_32_BIT)";
				CLANG_ENABLE_OBJC_ARC = YES;
				"CODE_SIGN_IDENTITY[sdk=iphoneos*]" = "iPhone Developer";
				COPY_PHASE_STRIP = NO;
				GCC_C_LANGUAGE_STANDARD = gnu99;
				GCC_DYNAMIC_NO_PIC = NO;
				GCC_OPTIMIZATION_LEVEL = 0;
				GCC_PREPROCESSOR_DEFINITIONS = (
					"DEBUG=1",
					"$(inherited)",
				);
				GCC_SYMBOLS_PRIVATE_EXTERN = NO;
				GCC_VERSION = com.apple.compilers.llvm.clang.1_0;
				GCC_WARN_ABOUT_RETURN_TYPE = YES;
				GCC_WARN_UNINITIALIZED_AUTOS = YES;
				GCC_WARN_UNUSED_VARIABLE = YES;
				IPHONEOS_DEPLOYMENT_TARGET = 5.1;
				OTHER_LDFLAGS = (
					"-all_load",
					"-ObjC",
				);
				SDKROOT = iphoneos;
			};
			name = Debug;
		};
		3EE8DB261593BF9A009DCCA3 /* Release */ = {
			isa = XCBuildConfiguration;
			buildSettings = {
				ALWAYS_SEARCH_USER_PATHS = NO;
				ARCHS = "$(ARCHS_STANDARD_32_BIT)";
				CLANG_ENABLE_OBJC_ARC = YES;
				"CODE_SIGN_IDENTITY[sdk=iphoneos*]" = "iPhone Developer";
				COPY_PHASE_STRIP = YES;
				GCC_C_LANGUAGE_STANDARD = gnu99;
				GCC_VERSION = com.apple.compilers.llvm.clang.1_0;
				GCC_WARN_ABOUT_RETURN_TYPE = YES;
				GCC_WARN_UNINITIALIZED_AUTOS = YES;
				GCC_WARN_UNUSED_VARIABLE = YES;
				IPHONEOS_DEPLOYMENT_TARGET = 5.1;
				OTHER_CFLAGS = "-DNS_BLOCK_ASSERTIONS=1";
				OTHER_LDFLAGS = (
					"-all_load",
					"-ObjC",
				);
				SDKROOT = iphoneos;
				VALIDATE_PRODUCT = YES;
			};
			name = Release;
		};
		3EE8DB281593BF9A009DCCA3 /* Debug */ = {
			isa = XCBuildConfiguration;
			buildSettings = {
				FRAMEWORK_SEARCH_PATHS = (
					$CONFIGURATION_BUILD_DIR/include,
					"\"$(SRCROOT)/spotify-ios-sdk/iOS Library/libspotify-12.1.45-iOS-universal\"",
				);
				GCC_PRECOMPILE_PREFIX_HEADER = YES;
				GCC_PREFIX_HEADER = "Piggybackv2/Piggybackv2-Prefix.pch";
				INFOPLIST_FILE = "Piggybackv2/Piggybackv2-Info.plist";
				OTHER_LDFLAGS = (
					"-ObjC",
					"-all_load",
					"-ObjC",
				);
				PRODUCT_NAME = "$(TARGET_NAME)";
				WRAPPER_EXTENSION = app;
			};
			name = Debug;
		};
		3EE8DB291593BF9A009DCCA3 /* Release */ = {
			isa = XCBuildConfiguration;
			buildSettings = {
				FRAMEWORK_SEARCH_PATHS = (
					$CONFIGURATION_BUILD_DIR/include,
					"\"$(SRCROOT)/spotify-ios-sdk/iOS Library/libspotify-12.1.45-iOS-universal\"",
				);
				GCC_PRECOMPILE_PREFIX_HEADER = YES;
				GCC_PREFIX_HEADER = "Piggybackv2/Piggybackv2-Prefix.pch";
				INFOPLIST_FILE = "Piggybackv2/Piggybackv2-Info.plist";
				OTHER_LDFLAGS = (
					"-ObjC",
					"-all_load",
					"-ObjC",
				);
				PRODUCT_NAME = "$(TARGET_NAME)";
				WRAPPER_EXTENSION = app;
			};
			name = Release;
		};
/* End XCBuildConfiguration section */

/* Begin XCConfigurationList section */
		3EE8DB031593BF9A009DCCA3 /* Build configuration list for PBXProject "Piggybackv2" */ = {
			isa = XCConfigurationList;
			buildConfigurations = (
				3EE8DB251593BF9A009DCCA3 /* Debug */,
				3EE8DB261593BF9A009DCCA3 /* Release */,
			);
			defaultConfigurationIsVisible = 0;
			defaultConfigurationName = Release;
		};
		3EE8DB271593BF9A009DCCA3 /* Build configuration list for PBXNativeTarget "Piggybackv2" */ = {
			isa = XCConfigurationList;
			buildConfigurations = (
				3EE8DB281593BF9A009DCCA3 /* Debug */,
				3EE8DB291593BF9A009DCCA3 /* Release */,
			);
			defaultConfigurationIsVisible = 0;
			defaultConfigurationName = Release;
		};
/* End XCConfigurationList section */
	};
	rootObject = 3EE8DB001593BF9A009DCCA3 /* Project object */;
}
